// !$*UTF8*$!
{
	archiveVersion = 1;
	classes = {
	};
	objectVersion = 55;
	objects = {

/* Begin PBXBuildFile section */
		76289E9627CA3750009B70DD /* SecondVC.swift in Sources */ = {isa = PBXBuildFile; fileRef = 76289E9527CA3750009B70DD /* SecondVC.swift */; };
		7621A11A27F9FC0900452446 /* CustomTabBarController.swift in Sources */ = {isa = PBXBuildFile; fileRef = 7621A11927F9FC0900452446 /* CustomTabBarController.swift */; };
		7621A11C27FA019400452446 /* UIView+Ext.swift in Sources */ = {isa = PBXBuildFile; fileRef = 7621A11B27FA019400452446 /* UIView+Ext.swift */; };
		7621A11F27FA06CD00452446 /* WalletAddress.swift in Sources */ = {isa = PBXBuildFile; fileRef = 7621A11E27FA06CD00452446 /* WalletAddress.swift */; };
		7621A12227FA073B00452446 /* AddressTableViewCell.swift in Sources */ = {isa = PBXBuildFile; fileRef = 7621A12127FA073B00452446 /* AddressTableViewCell.swift */; };
		7621A12527FA093000452446 /* PersistenceMangager.swift in Sources */ = {isa = PBXBuildFile; fileRef = 7621A12427FA093000452446 /* PersistenceMangager.swift */; };
		7621A12827FA14A500452446 /* ItemInfoVC.swift in Sources */ = {isa = PBXBuildFile; fileRef = 7621A12727FA14A500452446 /* ItemInfoVC.swift */; };
		7621A12A27FA16DB00452446 /* ItemInfoView.swift in Sources */ = {isa = PBXBuildFile; fileRef = 7621A12927FA16DB00452446 /* ItemInfoView.swift */; };
		7621A12C27FA18D700452446 /* AssetNameItemInfoVC.swift in Sources */ = {isa = PBXBuildFile; fileRef = 7621A12B27FA18D700452446 /* AssetNameItemInfoVC.swift */; };
		7621A12E27FA1E2800452446 /* AssetModelInfoHeaderVC.swift in Sources */ = {isa = PBXBuildFile; fileRef = 7621A12D27FA1E2800452446 /* AssetModelInfoHeaderVC.swift */; };
		7621A13227FA206400452446 /* Starscream in Frameworks */ = {isa = PBXBuildFile; productRef = 7621A13127FA206400452446 /* Starscream */; };
		7621A13527FA207000452446 /* Alamofire in Frameworks */ = {isa = PBXBuildFile; productRef = 7621A13427FA207000452446 /* Alamofire */; };
		7621A13827FA207B00452446 /* ProgressHUD in Frameworks */ = {isa = PBXBuildFile; productRef = 7621A13727FA207B00452446 /* ProgressHUD */; };
		7627E44827F2146500A17FB0 /* SwiftSoup in Frameworks */ = {isa = PBXBuildFile; productRef = 7627E44727F2146500A17FB0 /* SwiftSoup */; };
		76289E9627CA3750009B70DD /* CalendarVC.swift in Sources */ = {isa = PBXBuildFile; fileRef = 76289E9527CA3750009B70DD /* CalendarVC.swift */; };
		76289E9827CA3A59009B70DD /* CustomDefaultStyleButton.swift in Sources */ = {isa = PBXBuildFile; fileRef = 76289E9727CA3A59009B70DD /* CustomDefaultStyleButton.swift */; };
		76289E9A27CA3B5F009B70DD /* CustomDefaultStyleTextField.swift in Sources */ = {isa = PBXBuildFile; fileRef = 76289E9927CA3B5F009B70DD /* CustomDefaultStyleTextField.swift */; };
		76289E9D27CA3CC7009B70DD /* SnapKit in Frameworks */ = {isa = PBXBuildFile; productRef = 76289E9C27CA3CC7009B70DD /* SnapKit */; };
		76289E9F27CA4203009B70DD /* NFTListVC.swift in Sources */ = {isa = PBXBuildFile; fileRef = 76289E9E27CA4203009B70DD /* NFTListVC.swift */; };
		76289EA227CA454C009B70DD /* Toast in Frameworks */ = {isa = PBXBuildFile; productRef = 76289EA127CA454C009B70DD /* Toast */; };
		76289EA427CA456C009B70DD /* UIViewController+Ext.swift in Sources */ = {isa = PBXBuildFile; fileRef = 76289EA327CA456C009B70DD /* UIViewController+Ext.swift */; };
		76289EA627CA46C5009B70DD /* CustomDefaultStyleTitleLabel.swift in Sources */ = {isa = PBXBuildFile; fileRef = 76289EA527CA46C5009B70DD /* CustomDefaultStyleTitleLabel.swift */; };
		76289EA827CA47A2009B70DD /* CustomDefaultStyleBodyLabel.swift in Sources */ = {isa = PBXBuildFile; fileRef = 76289EA727CA47A2009B70DD /* CustomDefaultStyleBodyLabel.swift */; };
		76289EAA27CA484E009B70DD /* CustomDefaultStyleAlertVC.swift in Sources */ = {isa = PBXBuildFile; fileRef = 76289EA927CA484E009B70DD /* CustomDefaultStyleAlertVC.swift */; };
		762D1991280320C50049DE2B /* CalendarFooterView.swift in Sources */ = {isa = PBXBuildFile; fileRef = 762D1990280320C50049DE2B /* CalendarFooterView.swift */; };
		762D1993280320D30049DE2B /* CalendarHeaderView.swift in Sources */ = {isa = PBXBuildFile; fileRef = 762D1992280320D30049DE2B /* CalendarHeaderView.swift */; };
		763DF40427CB300800D8F552 /* OpenseaModel.swift in Sources */ = {isa = PBXBuildFile; fileRef = 763DF40327CB300800D8F552 /* OpenseaModel.swift */; };
		763DF40727CB32A100D8F552 /* NetworkManager.swift in Sources */ = {isa = PBXBuildFile; fileRef = 763DF40627CB32A100D8F552 /* NetworkManager.swift */; };
		763DF40927CB33B900D8F552 /* URLSession+Ext.swift in Sources */ = {isa = PBXBuildFile; fileRef = 763DF40827CB33B900D8F552 /* URLSession+Ext.swift */; };
		763DF40B27CB351000D8F552 /* EndPoint.swift in Sources */ = {isa = PBXBuildFile; fileRef = 763DF40A27CB351000D8F552 /* EndPoint.swift */; };
		763DF40E27CB392A00D8F552 /* NetworkError.swift in Sources */ = {isa = PBXBuildFile; fileRef = 763DF40D27CB392A00D8F552 /* NetworkError.swift */; };
		763DF41127CB3C4A00D8F552 /* AssetsCollectionViewCell.swift in Sources */ = {isa = PBXBuildFile; fileRef = 763DF41027CB3C4A00D8F552 /* AssetsCollectionViewCell.swift */; };
		763DF41327CB3D5E00D8F552 /* CustomAssetImageView.swift in Sources */ = {isa = PBXBuildFile; fileRef = 763DF41227CB3D5E00D8F552 /* CustomAssetImageView.swift */; };
		765C386F2816F885006C785C /* UIImage+Ext.swift in Sources */ = {isa = PBXBuildFile; fileRef = 765C386E2816F885006C785C /* UIImage+Ext.swift */; };
		765C38742817028D006C785C /* APIKey.swift in Sources */ = {isa = PBXBuildFile; fileRef = 765C38732817028D006C785C /* APIKey.swift */; };
		7662EC1527FAABB9005B4596 /* AssetPriceItemInfoVC.swift in Sources */ = {isa = PBXBuildFile; fileRef = 7662EC1427FAABB8005B4596 /* AssetPriceItemInfoVC.swift */; };
		7662EC1827FABDC6005B4596 /* IQKeyboardManagerSwift in Frameworks */ = {isa = PBXBuildFile; productRef = 7662EC1727FABDC6005B4596 /* IQKeyboardManagerSwift */; };
		767C5FEE27ED895800BD5B39 /* OnboardingCollectionViewCell.swift in Sources */ = {isa = PBXBuildFile; fileRef = 767C5FED27ED895800BD5B39 /* OnboardingCollectionViewCell.swift */; };
		767C5FF027ED899600BD5B39 /* OnboardingSlides.swift in Sources */ = {isa = PBXBuildFile; fileRef = 767C5FEF27ED899600BD5B39 /* OnboardingSlides.swift */; };
		767C5FF227ED89C400BD5B39 /* OnboardingVC.swift in Sources */ = {isa = PBXBuildFile; fileRef = 767C5FF127ED89C400BD5B39 /* OnboardingVC.swift */; };
		767C5FF427ED8DD000BD5B39 /* CalculatorVC.swift in Sources */ = {isa = PBXBuildFile; fileRef = 767C5FF327ED8DD000BD5B39 /* CalculatorVC.swift */; };
		767C5FF627ED8E1200BD5B39 /* SettingVC.swift in Sources */ = {isa = PBXBuildFile; fileRef = 767C5FF527ED8E1200BD5B39 /* SettingVC.swift */; };
		767C5FFA27ED91B800BD5B39 /* AddressRegisterVC.swift in Sources */ = {isa = PBXBuildFile; fileRef = 767C5FF927ED91B800BD5B39 /* AddressRegisterVC.swift */; };
		767C5FFC27ED962D00BD5B39 /* UserDefaults+Ext.swift in Sources */ = {isa = PBXBuildFile; fileRef = 767C5FFB27ED962D00BD5B39 /* UserDefaults+Ext.swift */; };
		767C5FFF27EDA21900BD5B39 /* FirstLaunch.swift in Sources */ = {isa = PBXBuildFile; fileRef = 767C5FFE27EDA21900BD5B39 /* FirstLaunch.swift */; };
		76A781B22809899200DAFBD3 /* CoinPrice.swift in Sources */ = {isa = PBXBuildFile; fileRef = 76A781B12809899200DAFBD3 /* CoinPrice.swift */; };
		76A7FC312807D58E00392DBA /* CalendarListTableVC.swift in Sources */ = {isa = PBXBuildFile; fileRef = 76A7FC302807D58E00392DBA /* CalendarListTableVC.swift */; };
		76A7FC352807D85200392DBA /* CalendarListTableViewCell.swift in Sources */ = {isa = PBXBuildFile; fileRef = 76A7FC342807D85200392DBA /* CalendarListTableViewCell.swift */; };
		76A7FC3928081ED400392DBA /* MintMetadata.swift in Sources */ = {isa = PBXBuildFile; fileRef = 76A7FC3828081ED400392DBA /* MintMetadata.swift */; };
		76A7FC3C2808225F00392DBA /* NewMintItemVC.swift in Sources */ = {isa = PBXBuildFile; fileRef = 76A7FC3B2808225F00392DBA /* NewMintItemVC.swift */; };
		76A7FC3E2808245000392DBA /* String+Ext.swift in Sources */ = {isa = PBXBuildFile; fileRef = 76A7FC3D2808245000392DBA /* String+Ext.swift */; };
		76A7FC4128082BC400392DBA /* DefaultTextFieldTableViewCell.swift in Sources */ = {isa = PBXBuildFile; fileRef = 76A7FC4028082BC300392DBA /* DefaultTextFieldTableViewCell.swift */; };
		76A7FC4328082E2100392DBA /* ChainCategoryTableViewCell.swift in Sources */ = {isa = PBXBuildFile; fileRef = 76A7FC4228082E2000392DBA /* ChainCategoryTableViewCell.swift */; };
		76A7FC45280834A600392DBA /* DefaultSwitchTableViewCell.swift in Sources */ = {isa = PBXBuildFile; fileRef = 76A7FC44280834A600392DBA /* DefaultSwitchTableViewCell.swift */; };
		76A7FC47280836D900392DBA /* DefaultTimeTableViewCell.swift in Sources */ = {isa = PBXBuildFile; fileRef = 76A7FC46280836D900392DBA /* DefaultTimeTableViewCell.swift */; };
		76BC92F827F2EAF900D763CB /* EmptyStateView.swift in Sources */ = {isa = PBXBuildFile; fileRef = 76BC92F727F2EAF900D763CB /* EmptyStateView.swift */; };
		76E26DC627D6F306009B00E3 /* AssetModelInfoVC.swift in Sources */ = {isa = PBXBuildFile; fileRef = 76E26DC527D6F306009B00E3 /* AssetModelInfoVC.swift */; };
		76EA7BCA27C0CCA9004A56C1 /* AppDelegate.swift in Sources */ = {isa = PBXBuildFile; fileRef = 76EA7BC927C0CCA9004A56C1 /* AppDelegate.swift */; };
		76EA7BCC27C0CCA9004A56C1 /* SceneDelegate.swift in Sources */ = {isa = PBXBuildFile; fileRef = 76EA7BCB27C0CCA9004A56C1 /* SceneDelegate.swift */; };
		76EA7BCE27C0CCA9004A56C1 /* MainVC.swift in Sources */ = {isa = PBXBuildFile; fileRef = 76EA7BCD27C0CCA9004A56C1 /* MainVC.swift */; };
		76EA7BD327C0CCAC004A56C1 /* Assets.xcassets in Resources */ = {isa = PBXBuildFile; fileRef = 76EA7BD227C0CCAC004A56C1 /* Assets.xcassets */; };
		76EA7BD627C0CCAC004A56C1 /* LaunchScreen.storyboard in Resources */ = {isa = PBXBuildFile; fileRef = 76EA7BD427C0CCAC004A56C1 /* LaunchScreen.storyboard */; };
		76EA7BE127C0CCAC004A56C1 /* NFT_HelperTests.swift in Sources */ = {isa = PBXBuildFile; fileRef = 76EA7BE027C0CCAC004A56C1 /* NFT_HelperTests.swift */; };
		76EA7BEB27C0CCAC004A56C1 /* NFT_HelperUITests.swift in Sources */ = {isa = PBXBuildFile; fileRef = 76EA7BEA27C0CCAC004A56C1 /* NFT_HelperUITests.swift */; };
		76EA7BED27C0CCAC004A56C1 /* NFT_HelperUITestsLaunchTests.swift in Sources */ = {isa = PBXBuildFile; fileRef = 76EA7BEC27C0CCAC004A56C1 /* NFT_HelperUITestsLaunchTests.swift */; };
		76F4D34028007BFE00C80875 /* Day.swift in Sources */ = {isa = PBXBuildFile; fileRef = 76F4D33F28007BFE00C80875 /* Day.swift */; };
		76F4D34228007DEA00C80875 /* MonthMetadata.swift in Sources */ = {isa = PBXBuildFile; fileRef = 76F4D34128007DEA00C80875 /* MonthMetadata.swift */; };
		76F4D34528007EA400C80875 /* CalendarDataError.swift in Sources */ = {isa = PBXBuildFile; fileRef = 76F4D34428007EA400C80875 /* CalendarDataError.swift */; };
		76F4D34728008B1D00C80875 /* CalendarDateCollectionViewCell.swift in Sources */ = {isa = PBXBuildFile; fileRef = 76F4D34628008B1D00C80875 /* CalendarDateCollectionViewCell.swift */; };
		76F812BC28214AE70049105A /* OnboardingView.swift in Sources */ = {isa = PBXBuildFile; fileRef = 76F812BB28214AE70049105A /* OnboardingView.swift */; };
		76F812BF28214C870049105A /* ViewRepresentable.swift in Sources */ = {isa = PBXBuildFile; fileRef = 76F812BE28214C870049105A /* ViewRepresentable.swift */; };
		76F812C228214D490049105A /* CalculatorView.swift in Sources */ = {isa = PBXBuildFile; fileRef = 76F812C128214D490049105A /* CalculatorView.swift */; };
		76F812C528214FB40049105A /* BithumbModel.swift in Sources */ = {isa = PBXBuildFile; fileRef = 76F812C428214FB40049105A /* BithumbModel.swift */; };
		76EA7BFB27C0F518004A56C1 /* SnapKit in Frameworks */ = {isa = PBXBuildFile; productRef = 76EA7BFA27C0F518004A56C1 /* SnapKit */; };
		76EA7C0127C0F821004A56C1 /* Starscream in Frameworks */ = {isa = PBXBuildFile; productRef = 76EA7C0027C0F821004A56C1 /* Starscream */; };
		76EA7C0427C11634004A56C1 /* ProgressHUD in Frameworks */ = {isa = PBXBuildFile; productRef = 76EA7C0327C11634004A56C1 /* ProgressHUD */; };
/* End PBXBuildFile section */

/* Begin PBXContainerItemProxy section */
		76EA7BDD27C0CCAC004A56C1 /* PBXContainerItemProxy */ = {
			isa = PBXContainerItemProxy;
			containerPortal = 76EA7BBE27C0CCA9004A56C1 /* Project object */;
			proxyType = 1;
			remoteGlobalIDString = 76EA7BC527C0CCA9004A56C1;
			remoteInfo = "NFT-Helper";
		};
		76EA7BE727C0CCAC004A56C1 /* PBXContainerItemProxy */ = {
			isa = PBXContainerItemProxy;
			containerPortal = 76EA7BBE27C0CCA9004A56C1 /* Project object */;
			proxyType = 1;
			remoteGlobalIDString = 76EA7BC527C0CCA9004A56C1;
			remoteInfo = "NFT-Helper";
		};
/* End PBXContainerItemProxy section */

/* Begin PBXFileReference section */
		7621A11927F9FC0900452446 /* CustomTabBarController.swift */ = {isa = PBXFileReference; lastKnownFileType = sourcecode.swift; path = CustomTabBarController.swift; sourceTree = "<group>"; };
		7621A11B27FA019400452446 /* UIView+Ext.swift */ = {isa = PBXFileReference; lastKnownFileType = sourcecode.swift; path = "UIView+Ext.swift"; sourceTree = "<group>"; };
		7621A11E27FA06CD00452446 /* WalletAddress.swift */ = {isa = PBXFileReference; lastKnownFileType = sourcecode.swift; path = WalletAddress.swift; sourceTree = "<group>"; };
		7621A12127FA073B00452446 /* AddressTableViewCell.swift */ = {isa = PBXFileReference; lastKnownFileType = sourcecode.swift; path = AddressTableViewCell.swift; sourceTree = "<group>"; };
		7621A12427FA093000452446 /* PersistenceMangager.swift */ = {isa = PBXFileReference; lastKnownFileType = sourcecode.swift; path = PersistenceMangager.swift; sourceTree = "<group>"; };
		7621A12727FA14A500452446 /* ItemInfoVC.swift */ = {isa = PBXFileReference; lastKnownFileType = sourcecode.swift; path = ItemInfoVC.swift; sourceTree = "<group>"; };
		7621A12927FA16DB00452446 /* ItemInfoView.swift */ = {isa = PBXFileReference; lastKnownFileType = sourcecode.swift; path = ItemInfoView.swift; sourceTree = "<group>"; };
		7621A12B27FA18D700452446 /* AssetNameItemInfoVC.swift */ = {isa = PBXFileReference; lastKnownFileType = sourcecode.swift; path = AssetNameItemInfoVC.swift; sourceTree = "<group>"; };
		7621A12D27FA1E2800452446 /* AssetModelInfoHeaderVC.swift */ = {isa = PBXFileReference; lastKnownFileType = sourcecode.swift; path = AssetModelInfoHeaderVC.swift; sourceTree = "<group>"; };
		76289E9527CA3750009B70DD /* CalendarVC.swift */ = {isa = PBXFileReference; lastKnownFileType = sourcecode.swift; path = CalendarVC.swift; sourceTree = "<group>"; };
		76289E9727CA3A59009B70DD /* CustomDefaultStyleButton.swift */ = {isa = PBXFileReference; lastKnownFileType = sourcecode.swift; path = CustomDefaultStyleButton.swift; sourceTree = "<group>"; };
		76289E9927CA3B5F009B70DD /* CustomDefaultStyleTextField.swift */ = {isa = PBXFileReference; lastKnownFileType = sourcecode.swift; path = CustomDefaultStyleTextField.swift; sourceTree = "<group>"; };
		76289E9E27CA4203009B70DD /* NFTListVC.swift */ = {isa = PBXFileReference; lastKnownFileType = sourcecode.swift; path = NFTListVC.swift; sourceTree = "<group>"; };
		76289EA327CA456C009B70DD /* UIViewController+Ext.swift */ = {isa = PBXFileReference; lastKnownFileType = sourcecode.swift; path = "UIViewController+Ext.swift"; sourceTree = "<group>"; };
		76289EA527CA46C5009B70DD /* CustomDefaultStyleTitleLabel.swift */ = {isa = PBXFileReference; lastKnownFileType = sourcecode.swift; path = CustomDefaultStyleTitleLabel.swift; sourceTree = "<group>"; };
		76289EA727CA47A2009B70DD /* CustomDefaultStyleBodyLabel.swift */ = {isa = PBXFileReference; lastKnownFileType = sourcecode.swift; path = CustomDefaultStyleBodyLabel.swift; sourceTree = "<group>"; };
		76289EA927CA484E009B70DD /* CustomDefaultStyleAlertVC.swift */ = {isa = PBXFileReference; lastKnownFileType = sourcecode.swift; path = CustomDefaultStyleAlertVC.swift; sourceTree = "<group>"; };
		762D1990280320C50049DE2B /* CalendarFooterView.swift */ = {isa = PBXFileReference; lastKnownFileType = sourcecode.swift; path = CalendarFooterView.swift; sourceTree = "<group>"; };
		762D1992280320D30049DE2B /* CalendarHeaderView.swift */ = {isa = PBXFileReference; lastKnownFileType = sourcecode.swift; path = CalendarHeaderView.swift; sourceTree = "<group>"; };
		763DF40327CB300800D8F552 /* OpenseaModel.swift */ = {isa = PBXFileReference; lastKnownFileType = sourcecode.swift; path = OpenseaModel.swift; sourceTree = "<group>"; };
		763DF40627CB32A100D8F552 /* NetworkManager.swift */ = {isa = PBXFileReference; lastKnownFileType = sourcecode.swift; path = NetworkManager.swift; sourceTree = "<group>"; };
		763DF40827CB33B900D8F552 /* URLSession+Ext.swift */ = {isa = PBXFileReference; lastKnownFileType = sourcecode.swift; path = "URLSession+Ext.swift"; sourceTree = "<group>"; };
		763DF40A27CB351000D8F552 /* EndPoint.swift */ = {isa = PBXFileReference; lastKnownFileType = sourcecode.swift; path = EndPoint.swift; sourceTree = "<group>"; };
		763DF40D27CB392A00D8F552 /* NetworkError.swift */ = {isa = PBXFileReference; lastKnownFileType = sourcecode.swift; path = NetworkError.swift; sourceTree = "<group>"; };
		763DF41027CB3C4A00D8F552 /* AssetsCollectionViewCell.swift */ = {isa = PBXFileReference; lastKnownFileType = sourcecode.swift; path = AssetsCollectionViewCell.swift; sourceTree = "<group>"; };
		763DF41227CB3D5E00D8F552 /* CustomAssetImageView.swift */ = {isa = PBXFileReference; lastKnownFileType = sourcecode.swift; path = CustomAssetImageView.swift; sourceTree = "<group>"; };
		765C386E2816F885006C785C /* UIImage+Ext.swift */ = {isa = PBXFileReference; lastKnownFileType = sourcecode.swift; path = "UIImage+Ext.swift"; sourceTree = "<group>"; };
		765C38732817028D006C785C /* APIKey.swift */ = {isa = PBXFileReference; lastKnownFileType = sourcecode.swift; path = APIKey.swift; sourceTree = "<group>"; };
		7662EC1427FAABB8005B4596 /* AssetPriceItemInfoVC.swift */ = {isa = PBXFileReference; lastKnownFileType = sourcecode.swift; path = AssetPriceItemInfoVC.swift; sourceTree = "<group>"; };
		767C5FED27ED895800BD5B39 /* OnboardingCollectionViewCell.swift */ = {isa = PBXFileReference; lastKnownFileType = sourcecode.swift; path = OnboardingCollectionViewCell.swift; sourceTree = "<group>"; };
		767C5FEF27ED899600BD5B39 /* OnboardingSlides.swift */ = {isa = PBXFileReference; lastKnownFileType = sourcecode.swift; path = OnboardingSlides.swift; sourceTree = "<group>"; };
		767C5FF127ED89C400BD5B39 /* OnboardingVC.swift */ = {isa = PBXFileReference; lastKnownFileType = sourcecode.swift; path = OnboardingVC.swift; sourceTree = "<group>"; };
		767C5FF327ED8DD000BD5B39 /* CalculatorVC.swift */ = {isa = PBXFileReference; lastKnownFileType = sourcecode.swift; path = CalculatorVC.swift; sourceTree = "<group>"; };
		767C5FF527ED8E1200BD5B39 /* SettingVC.swift */ = {isa = PBXFileReference; lastKnownFileType = sourcecode.swift; path = SettingVC.swift; sourceTree = "<group>"; };
		767C5FF927ED91B800BD5B39 /* AddressRegisterVC.swift */ = {isa = PBXFileReference; lastKnownFileType = sourcecode.swift; path = AddressRegisterVC.swift; sourceTree = "<group>"; };
		767C5FFB27ED962D00BD5B39 /* UserDefaults+Ext.swift */ = {isa = PBXFileReference; lastKnownFileType = sourcecode.swift; path = "UserDefaults+Ext.swift"; sourceTree = "<group>"; };
		767C5FFE27EDA21900BD5B39 /* FirstLaunch.swift */ = {isa = PBXFileReference; lastKnownFileType = sourcecode.swift; path = FirstLaunch.swift; sourceTree = "<group>"; };
		76A781B12809899200DAFBD3 /* CoinPrice.swift */ = {isa = PBXFileReference; lastKnownFileType = sourcecode.swift; path = CoinPrice.swift; sourceTree = "<group>"; };
		76A7FC302807D58E00392DBA /* CalendarListTableVC.swift */ = {isa = PBXFileReference; lastKnownFileType = sourcecode.swift; path = CalendarListTableVC.swift; sourceTree = "<group>"; };
		76A7FC342807D85200392DBA /* CalendarListTableViewCell.swift */ = {isa = PBXFileReference; lastKnownFileType = sourcecode.swift; path = CalendarListTableViewCell.swift; sourceTree = "<group>"; };
		76A7FC3828081ED400392DBA /* MintMetadata.swift */ = {isa = PBXFileReference; lastKnownFileType = sourcecode.swift; path = MintMetadata.swift; sourceTree = "<group>"; };
		76A7FC3B2808225F00392DBA /* NewMintItemVC.swift */ = {isa = PBXFileReference; lastKnownFileType = sourcecode.swift; path = NewMintItemVC.swift; sourceTree = "<group>"; };
		76A7FC3D2808245000392DBA /* String+Ext.swift */ = {isa = PBXFileReference; lastKnownFileType = sourcecode.swift; path = "String+Ext.swift"; sourceTree = "<group>"; };
		76A7FC4028082BC300392DBA /* DefaultTextFieldTableViewCell.swift */ = {isa = PBXFileReference; lastKnownFileType = sourcecode.swift; path = DefaultTextFieldTableViewCell.swift; sourceTree = "<group>"; };
		76A7FC4228082E2000392DBA /* ChainCategoryTableViewCell.swift */ = {isa = PBXFileReference; lastKnownFileType = sourcecode.swift; path = ChainCategoryTableViewCell.swift; sourceTree = "<group>"; };
		76A7FC44280834A600392DBA /* DefaultSwitchTableViewCell.swift */ = {isa = PBXFileReference; lastKnownFileType = sourcecode.swift; path = DefaultSwitchTableViewCell.swift; sourceTree = "<group>"; };
		76A7FC46280836D900392DBA /* DefaultTimeTableViewCell.swift */ = {isa = PBXFileReference; lastKnownFileType = sourcecode.swift; path = DefaultTimeTableViewCell.swift; sourceTree = "<group>"; };
		76BC92F727F2EAF900D763CB /* EmptyStateView.swift */ = {isa = PBXFileReference; lastKnownFileType = sourcecode.swift; path = EmptyStateView.swift; sourceTree = "<group>"; };
		76E26DC527D6F306009B00E3 /* AssetModelInfoVC.swift */ = {isa = PBXFileReference; lastKnownFileType = sourcecode.swift; path = AssetModelInfoVC.swift; sourceTree = "<group>"; };
		76EA7BC627C0CCA9004A56C1 /* NFT-Helper.app */ = {isa = PBXFileReference; explicitFileType = wrapper.application; includeInIndex = 0; path = "NFT-Helper.app"; sourceTree = BUILT_PRODUCTS_DIR; };
		76EA7BC927C0CCA9004A56C1 /* AppDelegate.swift */ = {isa = PBXFileReference; lastKnownFileType = sourcecode.swift; path = AppDelegate.swift; sourceTree = "<group>"; };
		76EA7BCB27C0CCA9004A56C1 /* SceneDelegate.swift */ = {isa = PBXFileReference; lastKnownFileType = sourcecode.swift; path = SceneDelegate.swift; sourceTree = "<group>"; };
		76EA7BCD27C0CCA9004A56C1 /* MainVC.swift */ = {isa = PBXFileReference; lastKnownFileType = sourcecode.swift; path = MainVC.swift; sourceTree = "<group>"; };
		76EA7BD227C0CCAC004A56C1 /* Assets.xcassets */ = {isa = PBXFileReference; lastKnownFileType = folder.assetcatalog; path = Assets.xcassets; sourceTree = "<group>"; };
		76EA7BD527C0CCAC004A56C1 /* Base */ = {isa = PBXFileReference; lastKnownFileType = file.storyboard; name = Base; path = Base.lproj/LaunchScreen.storyboard; sourceTree = "<group>"; };
		76EA7BD727C0CCAC004A56C1 /* Info.plist */ = {isa = PBXFileReference; lastKnownFileType = text.plist.xml; path = Info.plist; sourceTree = "<group>"; };
		76EA7BDC27C0CCAC004A56C1 /* NFT-HelperTests.xctest */ = {isa = PBXFileReference; explicitFileType = wrapper.cfbundle; includeInIndex = 0; path = "NFT-HelperTests.xctest"; sourceTree = BUILT_PRODUCTS_DIR; };
		76EA7BE027C0CCAC004A56C1 /* NFT_HelperTests.swift */ = {isa = PBXFileReference; lastKnownFileType = sourcecode.swift; path = NFT_HelperTests.swift; sourceTree = "<group>"; };
		76EA7BE627C0CCAC004A56C1 /* NFT-HelperUITests.xctest */ = {isa = PBXFileReference; explicitFileType = wrapper.cfbundle; includeInIndex = 0; path = "NFT-HelperUITests.xctest"; sourceTree = BUILT_PRODUCTS_DIR; };
		76EA7BEA27C0CCAC004A56C1 /* NFT_HelperUITests.swift */ = {isa = PBXFileReference; lastKnownFileType = sourcecode.swift; path = NFT_HelperUITests.swift; sourceTree = "<group>"; };
		76EA7BEC27C0CCAC004A56C1 /* NFT_HelperUITestsLaunchTests.swift */ = {isa = PBXFileReference; lastKnownFileType = sourcecode.swift; path = NFT_HelperUITestsLaunchTests.swift; sourceTree = "<group>"; };
		76F4D33F28007BFE00C80875 /* Day.swift */ = {isa = PBXFileReference; lastKnownFileType = sourcecode.swift; path = Day.swift; sourceTree = "<group>"; };
		76F4D34128007DEA00C80875 /* MonthMetadata.swift */ = {isa = PBXFileReference; lastKnownFileType = sourcecode.swift; path = MonthMetadata.swift; sourceTree = "<group>"; };
		76F4D34428007EA400C80875 /* CalendarDataError.swift */ = {isa = PBXFileReference; lastKnownFileType = sourcecode.swift; path = CalendarDataError.swift; sourceTree = "<group>"; };
		76F4D34628008B1D00C80875 /* CalendarDateCollectionViewCell.swift */ = {isa = PBXFileReference; lastKnownFileType = sourcecode.swift; path = CalendarDateCollectionViewCell.swift; sourceTree = "<group>"; };
		76F812BB28214AE70049105A /* OnboardingView.swift */ = {isa = PBXFileReference; lastKnownFileType = sourcecode.swift; path = OnboardingView.swift; sourceTree = "<group>"; };
		76F812BE28214C870049105A /* ViewRepresentable.swift */ = {isa = PBXFileReference; lastKnownFileType = sourcecode.swift; path = ViewRepresentable.swift; sourceTree = "<group>"; };
		76F812C128214D490049105A /* CalculatorView.swift */ = {isa = PBXFileReference; lastKnownFileType = sourcecode.swift; path = CalculatorView.swift; sourceTree = "<group>"; };
		76F812C428214FB40049105A /* BithumbModel.swift */ = {isa = PBXFileReference; lastKnownFileType = sourcecode.swift; path = BithumbModel.swift; sourceTree = "<group>"; };
/* End PBXFileReference section */

/* Begin PBXFrameworksBuildPhase section */
		76EA7BC327C0CCA9004A56C1 /* Frameworks */ = {
			isa = PBXFrameworksBuildPhase;
			buildActionMask = 2147483647;
			files = (
				76EA7BFB27C0F518004A56C1 /* SnapKit in Frameworks */,
				7681D3AD27C13766003A753A /* Alamofire in Frameworks */,
				76EA7C0427C11634004A56C1 /* ProgressHUD in Frameworks */,
				76EA7C0127C0F821004A56C1 /* Starscream in Frameworks */,
				7662EC1827FABDC6005B4596 /* IQKeyboardManagerSwift in Frameworks */,
				7621A13527FA207000452446 /* Alamofire in Frameworks */,
				76289EA227CA454C009B70DD /* Toast in Frameworks */,
				76289E9D27CA3CC7009B70DD /* SnapKit in Frameworks */,
				7621A13827FA207B00452446 /* ProgressHUD in Frameworks */,
				7627E44827F2146500A17FB0 /* SwiftSoup in Frameworks */,
				7621A13227FA206400452446 /* Starscream in Frameworks */,
			);
			runOnlyForDeploymentPostprocessing = 0;
		};
		76EA7BD927C0CCAC004A56C1 /* Frameworks */ = {
			isa = PBXFrameworksBuildPhase;
			buildActionMask = 2147483647;
			files = (
			);
			runOnlyForDeploymentPostprocessing = 0;
		};
		76EA7BE327C0CCAC004A56C1 /* Frameworks */ = {
			isa = PBXFrameworksBuildPhase;
			buildActionMask = 2147483647;
			files = (
			);
			runOnlyForDeploymentPostprocessing = 0;
		};
/* End PBXFrameworksBuildPhase section */

/* Begin PBXGroup section */
		7621A11827F9FBDE00452446 /* ViewControllers */ = {
			isa = PBXGroup;
			children = (
				7621A12627FA148800452446 /* ItemInfoVC */,
				7621A11927F9FC0900452446 /* CustomTabBarController.swift */,
				7621A12D27FA1E2800452446 /* AssetModelInfoHeaderVC.swift */,
				76289EA927CA484E009B70DD /* CustomDefaultStyleAlertVC.swift */,
			);
			path = ViewControllers;
			sourceTree = "<group>";
		};
		7621A12027FA06F100452446 /* Setting */ = {
			isa = PBXGroup;
			children = (
				767C5FF927ED91B800BD5B39 /* AddressRegisterVC.swift */,
				767C5FF527ED8E1200BD5B39 /* SettingVC.swift */,
			);
			path = Setting;
			sourceTree = "<group>";
		};
		7621A12327FA092300452446 /* Managers */ = {
			isa = PBXGroup;
			children = (
				76F812CF2821537D0049105A /* Persistence */,
				76F812CE282153730049105A /* Network */,
			);
			path = Managers;
			sourceTree = "<group>";
		};
		7621A12627FA148800452446 /* ItemInfoVC */ = {
			isa = PBXGroup;
			children = (
				7621A12727FA14A500452446 /* ItemInfoVC.swift */,
				7621A12B27FA18D700452446 /* AssetNameItemInfoVC.swift */,
				7662EC1427FAABB8005B4596 /* AssetPriceItemInfoVC.swift */,
			);
			path = ItemInfoVC;
			sourceTree = "<group>";
		};
		7621A12F27FA203300452446 /* Calculator */ = {
			isa = PBXGroup;
			children = (
				767C5FF327ED8DD000BD5B39 /* CalculatorVC.swift */,
				76F812C128214D490049105A /* CalculatorView.swift */,
			);
			path = Calculator;
			sourceTree = "<group>";
		};
		762D198F280320B00049DE2B /* Calendar */ = {
			isa = PBXGroup;
			children = (
				762D1990280320C50049DE2B /* CalendarFooterView.swift */,
				762D1992280320D30049DE2B /* CalendarHeaderView.swift */,
			);
			path = Calendar;
			sourceTree = "<group>";
		};
		763DF3FE27CB2B9900D8F552 /* CustomViews */ = {
			isa = PBXGroup;
			children = (
				76F812C8282152000049105A /* Labels */,
				76F812C9282152120049105A /* Buttons */,
				76F812CA2821521F0049105A /* TextFields */,
				76F812CB2821522F0049105A /* ImageViews */,
				763DF40F27CB3C1500D8F552 /* Cells */,
				7621A11827F9FBDE00452446 /* ViewControllers */,
				76BC92F627F2EADE00D763CB /* Views */,
			);
			path = CustomViews;
			sourceTree = "<group>";
		};
		763DF3FF27CB2BB000D8F552 /* Extensions */ = {
			isa = PBXGroup;
			children = (
				76289EA327CA456C009B70DD /* UIViewController+Ext.swift */,
				763DF40827CB33B900D8F552 /* URLSession+Ext.swift */,
				767C5FFB27ED962D00BD5B39 /* UserDefaults+Ext.swift */,
				7621A11B27FA019400452446 /* UIView+Ext.swift */,
				76A7FC3D2808245000392DBA /* String+Ext.swift */,
				765C386E2816F885006C785C /* UIImage+Ext.swift */,
			);
			path = Extensions;
			sourceTree = "<group>";
		};
		763DF40027CB2BBC00D8F552 /* Supports */ = {
			isa = PBXGroup;
			children = (
				76EA7BD427C0CCAC004A56C1 /* LaunchScreen.storyboard */,
				76EA7BD227C0CCAC004A56C1 /* Assets.xcassets */,
				76EA7BC927C0CCA9004A56C1 /* AppDelegate.swift */,
				76EA7BCB27C0CCA9004A56C1 /* SceneDelegate.swift */,
			);
			path = Supports;
			sourceTree = "<group>";
		};
		763DF40127CB2BD000D8F552 /* Controllers */ = {
			isa = PBXGroup;
			children = (
				76F812C6282151920049105A /* Onboarding */,
				76A7FC2F2807D56B00392DBA /* Calendar */,
				7621A12F27FA203300452446 /* Calculator */,
				7621A12027FA06F100452446 /* Setting */,
				76F812C028214D210049105A /* Temp */,
			);
			path = Controllers;
			sourceTree = "<group>";
		};
		763DF40227CB2FF100D8F552 /* Models */ = {
			isa = PBXGroup;
			children = (
				76F812C7282151D40049105A /* Onboarding */,
				76F812C328214F910049105A /* Calculator */,
				76F4D33E28007BF000C80875 /* Calendar */,
				763DF40327CB300800D8F552 /* OpenseaModel.swift */,
				7621A11E27FA06CD00452446 /* WalletAddress.swift */,
				76A781B12809899200DAFBD3 /* CoinPrice.swift */,
			);
			path = Models;
			sourceTree = "<group>";
		};
		763DF40C27CB391B00D8F552 /* Errors */ = {
			isa = PBXGroup;
			children = (
				763DF40D27CB392A00D8F552 /* NetworkError.swift */,
				76F4D34428007EA400C80875 /* CalendarDataError.swift */,
			);
			path = Errors;
			sourceTree = "<group>";
		};
		763DF40F27CB3C1500D8F552 /* Cells */ = {
			isa = PBXGroup;
			children = (
				76A7FC3F28082AA300392DBA /* MintStaticCustomCells */,
				763DF41027CB3C4A00D8F552 /* AssetsCollectionViewCell.swift */,
				767C5FED27ED895800BD5B39 /* OnboardingCollectionViewCell.swift */,
				7621A12127FA073B00452446 /* AddressTableViewCell.swift */,
				76F4D34628008B1D00C80875 /* CalendarDateCollectionViewCell.swift */,
				76A7FC342807D85200392DBA /* CalendarListTableViewCell.swift */,
			);
			path = Cells;
			sourceTree = "<group>";
		};
		767C5FFD27EDA20500BD5B39 /* Helper */ = {
			isa = PBXGroup;
			children = (
				767C5FFE27EDA21900BD5B39 /* FirstLaunch.swift */,
			);
			path = Helper;
			sourceTree = "<group>";
		};
		76A7FC2F2807D56B00392DBA /* Calendar */ = {
			isa = PBXGroup;
			children = (
				76A7FC302807D58E00392DBA /* CalendarListTableVC.swift */,
				76A7FC3B2808225F00392DBA /* NewMintItemVC.swift */,
				76289E9527CA3750009B70DD /* CalendarVC.swift */,
			);
			path = Calendar;
			sourceTree = "<group>";
		};
		76A7FC3F28082AA300392DBA /* MintStaticCustomCells */ = {
			isa = PBXGroup;
			children = (
				76A7FC4028082BC300392DBA /* DefaultTextFieldTableViewCell.swift */,
				76A7FC4228082E2000392DBA /* ChainCategoryTableViewCell.swift */,
				76A7FC44280834A600392DBA /* DefaultSwitchTableViewCell.swift */,
				76A7FC46280836D900392DBA /* DefaultTimeTableViewCell.swift */,
			);
			path = MintStaticCustomCells;
			sourceTree = "<group>";
		};
		76BC92F627F2EADE00D763CB /* Views */ = {
			isa = PBXGroup;
			children = (
				762D198F280320B00049DE2B /* Calendar */,
				7621A12927FA16DB00452446 /* ItemInfoView.swift */,
				76BC92F727F2EAF900D763CB /* EmptyStateView.swift */,
			);
			path = Views;
			sourceTree = "<group>";
		};
		76EA7BBD27C0CCA9004A56C1 = {
			isa = PBXGroup;
			children = (
				76EA7BC827C0CCA9004A56C1 /* NFT-Helper */,
				76EA7BDF27C0CCAC004A56C1 /* NFT-HelperTests */,
				76EA7BE927C0CCAC004A56C1 /* NFT-HelperUITests */,
				76EA7BC727C0CCA9004A56C1 /* Products */,
				7681D3AB27C1375F003A753A /* Frameworks */,
			);
			sourceTree = "<group>";
		};
		76EA7BC727C0CCA9004A56C1 /* Products */ = {
			isa = PBXGroup;
			children = (
				76EA7BC627C0CCA9004A56C1 /* NFT-Helper.app */,
				76EA7BDC27C0CCAC004A56C1 /* NFT-HelperTests.xctest */,
				76EA7BE627C0CCAC004A56C1 /* NFT-HelperUITests.xctest */,
			);
			name = Products;
			sourceTree = "<group>";
		};
		76EA7BC827C0CCA9004A56C1 /* NFT-Helper */ = {
			isa = PBXGroup;
			children = (
				763DF40227CB2FF100D8F552 /* Models */,
				763DF3FE27CB2B9900D8F552 /* CustomViews */,
				763DF40127CB2BD000D8F552 /* Controllers */,
				7621A12327FA092300452446 /* Managers */,
				76F812BD28214C700049105A /* Protocols */,
				763DF3FF27CB2BB000D8F552 /* Extensions */,
				763DF40C27CB391B00D8F552 /* Errors */,
				76EA7BC927C0CCA9004A56C1 /* AppDelegate.swift */,
				76EA7BCB27C0CCA9004A56C1 /* SceneDelegate.swift */,
				76EA7BCD27C0CCA9004A56C1 /* ViewController.swift */,
				762836E127C341910069DD9E /* TestVC.swift */,
				762836E527C401020069DD9E /* Test2VC.swift */,
				76EA7BD227C0CCAC004A56C1 /* Assets.xcassets */,
				76EA7BD427C0CCAC004A56C1 /* LaunchScreen.storyboard */,
				767C5FFD27EDA20500BD5B39 /* Helper */,
				763DF40027CB2BBC00D8F552 /* Supports */,
				76EA7BD727C0CCAC004A56C1 /* Info.plist */,
			);
			path = "NFT-Helper";
			sourceTree = "<group>";
		};
		76EA7BDF27C0CCAC004A56C1 /* NFT-HelperTests */ = {
			isa = PBXGroup;
			children = (
				76EA7BE027C0CCAC004A56C1 /* NFT_HelperTests.swift */,
			);
			path = "NFT-HelperTests";
			sourceTree = "<group>";
		};
		76EA7BE927C0CCAC004A56C1 /* NFT-HelperUITests */ = {
			isa = PBXGroup;
			children = (
				76EA7BEA27C0CCAC004A56C1 /* NFT_HelperUITests.swift */,
				76EA7BEC27C0CCAC004A56C1 /* NFT_HelperUITestsLaunchTests.swift */,
			);
			path = "NFT-HelperUITests";
			sourceTree = "<group>";
		};
		76F4D33E28007BF000C80875 /* Calendar */ = {
			isa = PBXGroup;
			children = (
				76F4D33F28007BFE00C80875 /* Day.swift */,
				76F4D34128007DEA00C80875 /* MonthMetadata.swift */,
				76A7FC3828081ED400392DBA /* MintMetadata.swift */,
			);
			path = Calendar;
			sourceTree = "<group>";
		};
		76F812BD28214C700049105A /* Protocols */ = {
			isa = PBXGroup;
			children = (
				76F812BE28214C870049105A /* ViewRepresentable.swift */,
			);
			path = Protocols;
			sourceTree = "<group>";
		};
		76F812C028214D210049105A /* Temp */ = {
			isa = PBXGroup;
			children = (
				76EA7BCD27C0CCA9004A56C1 /* MainVC.swift */,
				76289E9E27CA4203009B70DD /* NFTListVC.swift */,
				76E26DC527D6F306009B00E3 /* AssetModelInfoVC.swift */,
			);
			path = Temp;
			sourceTree = "<group>";
		};
		76F812C328214F910049105A /* Calculator */ = {
			isa = PBXGroup;
			children = (
				76F812C428214FB40049105A /* BithumbModel.swift */,
			);
			path = Calculator;
			sourceTree = "<group>";
		};
		76F812C6282151920049105A /* Onboarding */ = {
			isa = PBXGroup;
			children = (
				767C5FF127ED89C400BD5B39 /* OnboardingVC.swift */,
				76F812BB28214AE70049105A /* OnboardingView.swift */,
			);
			path = Onboarding;
			sourceTree = "<group>";
		};
		76F812C7282151D40049105A /* Onboarding */ = {
			isa = PBXGroup;
			children = (
				767C5FEF27ED899600BD5B39 /* OnboardingSlides.swift */,
			);
			path = Onboarding;
			sourceTree = "<group>";
		};
		76F812C8282152000049105A /* Labels */ = {
			isa = PBXGroup;
			children = (
				76289EA727CA47A2009B70DD /* CustomDefaultStyleBodyLabel.swift */,
				76289EA527CA46C5009B70DD /* CustomDefaultStyleTitleLabel.swift */,
			);
			path = Labels;
			sourceTree = "<group>";
		};
		76F812C9282152120049105A /* Buttons */ = {
			isa = PBXGroup;
			children = (
				76289E9727CA3A59009B70DD /* CustomDefaultStyleButton.swift */,
			);
			path = Buttons;
			sourceTree = "<group>";
		};
		76F812CA2821521F0049105A /* TextFields */ = {
			isa = PBXGroup;
			children = (
				76289E9927CA3B5F009B70DD /* CustomDefaultStyleTextField.swift */,
			);
			path = TextFields;
			sourceTree = "<group>";
		};
		76F812CB2821522F0049105A /* ImageViews */ = {
			isa = PBXGroup;
			children = (
				763DF41227CB3D5E00D8F552 /* CustomAssetImageView.swift */,
			);
			path = ImageViews;
			sourceTree = "<group>";
		};
		76F812CE282153730049105A /* Network */ = {
			isa = PBXGroup;
			children = (
				763DF40627CB32A100D8F552 /* NetworkManager.swift */,
				763DF40A27CB351000D8F552 /* EndPoint.swift */,
				765C38732817028D006C785C /* APIKey.swift */,
			);
			path = Network;
			sourceTree = "<group>";
		};
		76F812CF2821537D0049105A /* Persistence */ = {
			isa = PBXGroup;
			children = (
				7621A12427FA093000452446 /* PersistenceMangager.swift */,
			);
			path = Persistence;
			sourceTree = "<group>";
		};
/* End PBXGroup section */

/* Begin PBXNativeTarget section */
		76EA7BC527C0CCA9004A56C1 /* NFT-Helper */ = {
			isa = PBXNativeTarget;
			buildConfigurationList = 76EA7BF027C0CCAC004A56C1 /* Build configuration list for PBXNativeTarget "NFT-Helper" */;
			buildPhases = (
				76EA7BC227C0CCA9004A56C1 /* Sources */,
				76EA7BC327C0CCA9004A56C1 /* Frameworks */,
				76EA7BC427C0CCA9004A56C1 /* Resources */,
			);
			buildRules = (
			);
			dependencies = (
			);
			name = "NFT-Helper";
			packageProductDependencies = (
				76EA7BFA27C0F518004A56C1 /* SnapKit */,
				76EA7C0027C0F821004A56C1 /* Starscream */,
				76EA7C0327C11634004A56C1 /* ProgressHUD */,
				7681D3AC27C13766003A753A /* Alamofire */,
				7627E44727F2146500A17FB0 /* SwiftSoup */,
				7621A13127FA206400452446 /* Starscream */,
				7621A13427FA207000452446 /* Alamofire */,
				7621A13727FA207B00452446 /* ProgressHUD */,
				7662EC1727FABDC6005B4596 /* IQKeyboardManagerSwift */,
			);
			productName = "NFT-Helper";
			productReference = 76EA7BC627C0CCA9004A56C1 /* NFT-Helper.app */;
			productType = "com.apple.product-type.application";
		};
		76EA7BDB27C0CCAC004A56C1 /* NFT-HelperTests */ = {
			isa = PBXNativeTarget;
			buildConfigurationList = 76EA7BF327C0CCAC004A56C1 /* Build configuration list for PBXNativeTarget "NFT-HelperTests" */;
			buildPhases = (
				76EA7BD827C0CCAC004A56C1 /* Sources */,
				76EA7BD927C0CCAC004A56C1 /* Frameworks */,
				76EA7BDA27C0CCAC004A56C1 /* Resources */,
			);
			buildRules = (
			);
			dependencies = (
				76EA7BDE27C0CCAC004A56C1 /* PBXTargetDependency */,
			);
			name = "NFT-HelperTests";
			productName = "NFT-HelperTests";
			productReference = 76EA7BDC27C0CCAC004A56C1 /* NFT-HelperTests.xctest */;
			productType = "com.apple.product-type.bundle.unit-test";
		};
		76EA7BE527C0CCAC004A56C1 /* NFT-HelperUITests */ = {
			isa = PBXNativeTarget;
			buildConfigurationList = 76EA7BF627C0CCAC004A56C1 /* Build configuration list for PBXNativeTarget "NFT-HelperUITests" */;
			buildPhases = (
				76EA7BE227C0CCAC004A56C1 /* Sources */,
				76EA7BE327C0CCAC004A56C1 /* Frameworks */,
				76EA7BE427C0CCAC004A56C1 /* Resources */,
			);
			buildRules = (
			);
			dependencies = (
				76EA7BE827C0CCAC004A56C1 /* PBXTargetDependency */,
			);
			name = "NFT-HelperUITests";
			productName = "NFT-HelperUITests";
			productReference = 76EA7BE627C0CCAC004A56C1 /* NFT-HelperUITests.xctest */;
			productType = "com.apple.product-type.bundle.ui-testing";
		};
/* End PBXNativeTarget section */

/* Begin PBXProject section */
		76EA7BBE27C0CCA9004A56C1 /* Project object */ = {
			isa = PBXProject;
			attributes = {
				BuildIndependentTargetsInParallel = 1;
				LastSwiftUpdateCheck = 1310;
				LastUpgradeCheck = 1310;
				TargetAttributes = {
					76EA7BC527C0CCA9004A56C1 = {
						CreatedOnToolsVersion = 13.1;
					};
					76EA7BDB27C0CCAC004A56C1 = {
						CreatedOnToolsVersion = 13.1;
						TestTargetID = 76EA7BC527C0CCA9004A56C1;
					};
					76EA7BE527C0CCAC004A56C1 = {
						CreatedOnToolsVersion = 13.1;
						TestTargetID = 76EA7BC527C0CCA9004A56C1;
					};
				};
			};
			buildConfigurationList = 76EA7BC127C0CCA9004A56C1 /* Build configuration list for PBXProject "NFT-Helper" */;
			compatibilityVersion = "Xcode 13.0";
			developmentRegion = en;
			hasScannedForEncodings = 0;
			knownRegions = (
				en,
				Base,
			);
			mainGroup = 76EA7BBD27C0CCA9004A56C1;
			packageReferences = (
				76EA7BF927C0F518004A56C1 /* XCRemoteSwiftPackageReference "SnapKit" */,
				76EA7BFF27C0F821004A56C1 /* XCRemoteSwiftPackageReference "Starscream" */,
				76EA7C0227C11634004A56C1 /* XCRemoteSwiftPackageReference "ProgressHUD" */,
				7681D3AA27C1357D003A753A /* XCRemoteSwiftPackageReference "Alamofire" */,
				7627E44627F2146500A17FB0 /* XCRemoteSwiftPackageReference "SwiftSoup" */,
				7621A13027FA206400452446 /* XCRemoteSwiftPackageReference "Starscream" */,
				7621A13327FA207000452446 /* XCRemoteSwiftPackageReference "Alamofire" */,
				7621A13627FA207B00452446 /* XCRemoteSwiftPackageReference "ProgressHUD" */,
				7662EC1627FABDC6005B4596 /* XCRemoteSwiftPackageReference "IQKeyboardManager" */,
			);
			productRefGroup = 76EA7BC727C0CCA9004A56C1 /* Products */;
			projectDirPath = "";
			projectRoot = "";
			targets = (
				76EA7BC527C0CCA9004A56C1 /* NFT-Helper */,
				76EA7BDB27C0CCAC004A56C1 /* NFT-HelperTests */,
				76EA7BE527C0CCAC004A56C1 /* NFT-HelperUITests */,
			);
		};
/* End PBXProject section */

/* Begin PBXResourcesBuildPhase section */
		76EA7BC427C0CCA9004A56C1 /* Resources */ = {
			isa = PBXResourcesBuildPhase;
			buildActionMask = 2147483647;
			files = (
				76EA7BD627C0CCAC004A56C1 /* LaunchScreen.storyboard in Resources */,
				76EA7BD327C0CCAC004A56C1 /* Assets.xcassets in Resources */,
			);
			runOnlyForDeploymentPostprocessing = 0;
		};
		76EA7BDA27C0CCAC004A56C1 /* Resources */ = {
			isa = PBXResourcesBuildPhase;
			buildActionMask = 2147483647;
			files = (
			);
			runOnlyForDeploymentPostprocessing = 0;
		};
		76EA7BE427C0CCAC004A56C1 /* Resources */ = {
			isa = PBXResourcesBuildPhase;
			buildActionMask = 2147483647;
			files = (
			);
			runOnlyForDeploymentPostprocessing = 0;
		};
/* End PBXResourcesBuildPhase section */

/* Begin PBXSourcesBuildPhase section */
		76EA7BC227C0CCA9004A56C1 /* Sources */ = {
			isa = PBXSourcesBuildPhase;
			buildActionMask = 2147483647;
			files = (
				767C5FFA27ED91B800BD5B39 /* AddressRegisterVC.swift in Sources */,
				76289EAA27CA484E009B70DD /* CustomDefaultStyleAlertVC.swift in Sources */,
				7621A11C27FA019400452446 /* UIView+Ext.swift in Sources */,
				76A7FC3E2808245000392DBA /* String+Ext.swift in Sources */,
				767C5FF627ED8E1200BD5B39 /* SettingVC.swift in Sources */,
				763DF40E27CB392A00D8F552 /* NetworkError.swift in Sources */,
				762D1993280320D30049DE2B /* CalendarHeaderView.swift in Sources */,
				76289E9827CA3A59009B70DD /* CustomDefaultStyleButton.swift in Sources */,
				76289E9627CA3750009B70DD /* CalendarVC.swift in Sources */,
				76F812C528214FB40049105A /* BithumbModel.swift in Sources */,
				76BC92F827F2EAF900D763CB /* EmptyStateView.swift in Sources */,
				765C386F2816F885006C785C /* UIImage+Ext.swift in Sources */,
				767C5FFF27EDA21900BD5B39 /* FirstLaunch.swift in Sources */,
				763DF40727CB32A100D8F552 /* NetworkManager.swift in Sources */,
				763DF40927CB33B900D8F552 /* URLSession+Ext.swift in Sources */,
				76289EA627CA46C5009B70DD /* CustomDefaultStyleTitleLabel.swift in Sources */,
				7621A12A27FA16DB00452446 /* ItemInfoView.swift in Sources */,
				76A7FC4328082E2100392DBA /* ChainCategoryTableViewCell.swift in Sources */,
				76A781B22809899200DAFBD3 /* CoinPrice.swift in Sources */,
				76A7FC4128082BC400392DBA /* DefaultTextFieldTableViewCell.swift in Sources */,
				76A7FC3928081ED400392DBA /* MintMetadata.swift in Sources */,
				767C5FEE27ED895800BD5B39 /* OnboardingCollectionViewCell.swift in Sources */,
				76289E9A27CA3B5F009B70DD /* CustomDefaultStyleTextField.swift in Sources */,
				767C5FF027ED899600BD5B39 /* OnboardingSlides.swift in Sources */,
				7621A12C27FA18D700452446 /* AssetNameItemInfoVC.swift in Sources */,
				76EA7BCE27C0CCA9004A56C1 /* MainVC.swift in Sources */,
				76289EA827CA47A2009B70DD /* CustomDefaultStyleBodyLabel.swift in Sources */,
				7621A12827FA14A500452446 /* ItemInfoVC.swift in Sources */,
				7621A12E27FA1E2800452446 /* AssetModelInfoHeaderVC.swift in Sources */,
				76F4D34228007DEA00C80875 /* MonthMetadata.swift in Sources */,
				767C5FF427ED8DD000BD5B39 /* CalculatorVC.swift in Sources */,
				76F812BC28214AE70049105A /* OnboardingView.swift in Sources */,
				76289E9F27CA4203009B70DD /* NFTListVC.swift in Sources */,
				767C5FFC27ED962D00BD5B39 /* UserDefaults+Ext.swift in Sources */,
				76EA7BCA27C0CCA9004A56C1 /* AppDelegate.swift in Sources */,
				76A7FC45280834A600392DBA /* DefaultSwitchTableViewCell.swift in Sources */,
				76F4D34528007EA400C80875 /* CalendarDataError.swift in Sources */,
				76A7FC3C2808225F00392DBA /* NewMintItemVC.swift in Sources */,
				76F812BF28214C870049105A /* ViewRepresentable.swift in Sources */,
				7621A11F27FA06CD00452446 /* WalletAddress.swift in Sources */,
				763DF41327CB3D5E00D8F552 /* CustomAssetImageView.swift in Sources */,
				76E26DC627D6F306009B00E3 /* AssetModelInfoVC.swift in Sources */,
				763DF40427CB300800D8F552 /* OpenseaModel.swift in Sources */,
				76A7FC352807D85200392DBA /* CalendarListTableViewCell.swift in Sources */,
				762D1991280320C50049DE2B /* CalendarFooterView.swift in Sources */,
				767C5FF227ED89C400BD5B39 /* OnboardingVC.swift in Sources */,
				763DF41127CB3C4A00D8F552 /* AssetsCollectionViewCell.swift in Sources */,
				7621A11A27F9FC0900452446 /* CustomTabBarController.swift in Sources */,
				76F4D34028007BFE00C80875 /* Day.swift in Sources */,
				76F812C228214D490049105A /* CalculatorView.swift in Sources */,
				7621A12527FA093000452446 /* PersistenceMangager.swift in Sources */,
				763DF40B27CB351000D8F552 /* EndPoint.swift in Sources */,
				76289EA427CA456C009B70DD /* UIViewController+Ext.swift in Sources */,
				762836E227C341910069DD9E /* TestVC.swift in Sources */,
				76EA7BCE27C0CCA9004A56C1 /* ViewController.swift in Sources */,
				76EA7BCA27C0CCA9004A56C1 /* AppDelegate.swift in Sources */,
				762836E627C401020069DD9E /* Test2VC.swift in Sources */,
				7621A12227FA073B00452446 /* AddressTableViewCell.swift in Sources */,
				765C38742817028D006C785C /* APIKey.swift in Sources */,
				7662EC1527FAABB9005B4596 /* AssetPriceItemInfoVC.swift in Sources */,
				76A7FC47280836D900392DBA /* DefaultTimeTableViewCell.swift in Sources */,
				76F4D34728008B1D00C80875 /* CalendarDateCollectionViewCell.swift in Sources */,
				76EA7BCC27C0CCA9004A56C1 /* SceneDelegate.swift in Sources */,
				76A7FC312807D58E00392DBA /* CalendarListTableVC.swift in Sources */,
			);
			runOnlyForDeploymentPostprocessing = 0;
		};
		76EA7BD827C0CCAC004A56C1 /* Sources */ = {
			isa = PBXSourcesBuildPhase;
			buildActionMask = 2147483647;
			files = (
				76EA7BE127C0CCAC004A56C1 /* NFT_HelperTests.swift in Sources */,
			);
			runOnlyForDeploymentPostprocessing = 0;
		};
		76EA7BE227C0CCAC004A56C1 /* Sources */ = {
			isa = PBXSourcesBuildPhase;
			buildActionMask = 2147483647;
			files = (
				76EA7BEB27C0CCAC004A56C1 /* NFT_HelperUITests.swift in Sources */,
				76EA7BED27C0CCAC004A56C1 /* NFT_HelperUITestsLaunchTests.swift in Sources */,
			);
			runOnlyForDeploymentPostprocessing = 0;
		};
/* End PBXSourcesBuildPhase section */

/* Begin PBXTargetDependency section */
		76EA7BDE27C0CCAC004A56C1 /* PBXTargetDependency */ = {
			isa = PBXTargetDependency;
			target = 76EA7BC527C0CCA9004A56C1 /* NFT-Helper */;
			targetProxy = 76EA7BDD27C0CCAC004A56C1 /* PBXContainerItemProxy */;
		};
		76EA7BE827C0CCAC004A56C1 /* PBXTargetDependency */ = {
			isa = PBXTargetDependency;
			target = 76EA7BC527C0CCA9004A56C1 /* NFT-Helper */;
			targetProxy = 76EA7BE727C0CCAC004A56C1 /* PBXContainerItemProxy */;
		};
/* End PBXTargetDependency section */

/* Begin PBXVariantGroup section */
		76EA7BD427C0CCAC004A56C1 /* LaunchScreen.storyboard */ = {
			isa = PBXVariantGroup;
			children = (
				76EA7BD527C0CCAC004A56C1 /* Base */,
			);
			name = LaunchScreen.storyboard;
			sourceTree = "<group>";
		};
/* End PBXVariantGroup section */

/* Begin XCBuildConfiguration section */
		76EA7BEE27C0CCAC004A56C1 /* Debug */ = {
			isa = XCBuildConfiguration;
			buildSettings = {
				ALWAYS_SEARCH_USER_PATHS = NO;
				CLANG_ANALYZER_NONNULL = YES;
				CLANG_ANALYZER_NUMBER_OBJECT_CONVERSION = YES_AGGRESSIVE;
				CLANG_CXX_LANGUAGE_STANDARD = "gnu++17";
				CLANG_CXX_LIBRARY = "libc++";
				CLANG_ENABLE_MODULES = YES;
				CLANG_ENABLE_OBJC_ARC = YES;
				CLANG_ENABLE_OBJC_WEAK = YES;
				CLANG_WARN_BLOCK_CAPTURE_AUTORELEASING = YES;
				CLANG_WARN_BOOL_CONVERSION = YES;
				CLANG_WARN_COMMA = YES;
				CLANG_WARN_CONSTANT_CONVERSION = YES;
				CLANG_WARN_DEPRECATED_OBJC_IMPLEMENTATIONS = YES;
				CLANG_WARN_DIRECT_OBJC_ISA_USAGE = YES_ERROR;
				CLANG_WARN_DOCUMENTATION_COMMENTS = YES;
				CLANG_WARN_EMPTY_BODY = YES;
				CLANG_WARN_ENUM_CONVERSION = YES;
				CLANG_WARN_INFINITE_RECURSION = YES;
				CLANG_WARN_INT_CONVERSION = YES;
				CLANG_WARN_NON_LITERAL_NULL_CONVERSION = YES;
				CLANG_WARN_OBJC_IMPLICIT_RETAIN_SELF = YES;
				CLANG_WARN_OBJC_LITERAL_CONVERSION = YES;
				CLANG_WARN_OBJC_ROOT_CLASS = YES_ERROR;
				CLANG_WARN_QUOTED_INCLUDE_IN_FRAMEWORK_HEADER = YES;
				CLANG_WARN_RANGE_LOOP_ANALYSIS = YES;
				CLANG_WARN_STRICT_PROTOTYPES = YES;
				CLANG_WARN_SUSPICIOUS_MOVE = YES;
				CLANG_WARN_UNGUARDED_AVAILABILITY = YES_AGGRESSIVE;
				CLANG_WARN_UNREACHABLE_CODE = YES;
				CLANG_WARN__DUPLICATE_METHOD_MATCH = YES;
				COPY_PHASE_STRIP = NO;
				DEBUG_INFORMATION_FORMAT = dwarf;
				ENABLE_STRICT_OBJC_MSGSEND = YES;
				ENABLE_TESTABILITY = YES;
				GCC_C_LANGUAGE_STANDARD = gnu11;
				GCC_DYNAMIC_NO_PIC = NO;
				GCC_NO_COMMON_BLOCKS = YES;
				GCC_OPTIMIZATION_LEVEL = 0;
				GCC_PREPROCESSOR_DEFINITIONS = (
					"DEBUG=1",
					"$(inherited)",
				);
				GCC_WARN_64_TO_32_BIT_CONVERSION = YES;
				GCC_WARN_ABOUT_RETURN_TYPE = YES_ERROR;
				GCC_WARN_UNDECLARED_SELECTOR = YES;
				GCC_WARN_UNINITIALIZED_AUTOS = YES_AGGRESSIVE;
				GCC_WARN_UNUSED_FUNCTION = YES;
				GCC_WARN_UNUSED_VARIABLE = YES;
				IPHONEOS_DEPLOYMENT_TARGET = 15.0;
				MTL_ENABLE_DEBUG_INFO = INCLUDE_SOURCE;
				MTL_FAST_MATH = YES;
				ONLY_ACTIVE_ARCH = YES;
				SDKROOT = iphoneos;
				SWIFT_ACTIVE_COMPILATION_CONDITIONS = DEBUG;
				SWIFT_OPTIMIZATION_LEVEL = "-Onone";
			};
			name = Debug;
		};
		76EA7BEF27C0CCAC004A56C1 /* Release */ = {
			isa = XCBuildConfiguration;
			buildSettings = {
				ALWAYS_SEARCH_USER_PATHS = NO;
				CLANG_ANALYZER_NONNULL = YES;
				CLANG_ANALYZER_NUMBER_OBJECT_CONVERSION = YES_AGGRESSIVE;
				CLANG_CXX_LANGUAGE_STANDARD = "gnu++17";
				CLANG_CXX_LIBRARY = "libc++";
				CLANG_ENABLE_MODULES = YES;
				CLANG_ENABLE_OBJC_ARC = YES;
				CLANG_ENABLE_OBJC_WEAK = YES;
				CLANG_WARN_BLOCK_CAPTURE_AUTORELEASING = YES;
				CLANG_WARN_BOOL_CONVERSION = YES;
				CLANG_WARN_COMMA = YES;
				CLANG_WARN_CONSTANT_CONVERSION = YES;
				CLANG_WARN_DEPRECATED_OBJC_IMPLEMENTATIONS = YES;
				CLANG_WARN_DIRECT_OBJC_ISA_USAGE = YES_ERROR;
				CLANG_WARN_DOCUMENTATION_COMMENTS = YES;
				CLANG_WARN_EMPTY_BODY = YES;
				CLANG_WARN_ENUM_CONVERSION = YES;
				CLANG_WARN_INFINITE_RECURSION = YES;
				CLANG_WARN_INT_CONVERSION = YES;
				CLANG_WARN_NON_LITERAL_NULL_CONVERSION = YES;
				CLANG_WARN_OBJC_IMPLICIT_RETAIN_SELF = YES;
				CLANG_WARN_OBJC_LITERAL_CONVERSION = YES;
				CLANG_WARN_OBJC_ROOT_CLASS = YES_ERROR;
				CLANG_WARN_QUOTED_INCLUDE_IN_FRAMEWORK_HEADER = YES;
				CLANG_WARN_RANGE_LOOP_ANALYSIS = YES;
				CLANG_WARN_STRICT_PROTOTYPES = YES;
				CLANG_WARN_SUSPICIOUS_MOVE = YES;
				CLANG_WARN_UNGUARDED_AVAILABILITY = YES_AGGRESSIVE;
				CLANG_WARN_UNREACHABLE_CODE = YES;
				CLANG_WARN__DUPLICATE_METHOD_MATCH = YES;
				COPY_PHASE_STRIP = NO;
				DEBUG_INFORMATION_FORMAT = "dwarf-with-dsym";
				ENABLE_NS_ASSERTIONS = NO;
				ENABLE_STRICT_OBJC_MSGSEND = YES;
				GCC_C_LANGUAGE_STANDARD = gnu11;
				GCC_NO_COMMON_BLOCKS = YES;
				GCC_WARN_64_TO_32_BIT_CONVERSION = YES;
				GCC_WARN_ABOUT_RETURN_TYPE = YES_ERROR;
				GCC_WARN_UNDECLARED_SELECTOR = YES;
				GCC_WARN_UNINITIALIZED_AUTOS = YES_AGGRESSIVE;
				GCC_WARN_UNUSED_FUNCTION = YES;
				GCC_WARN_UNUSED_VARIABLE = YES;
				IPHONEOS_DEPLOYMENT_TARGET = 15.0;
				MTL_ENABLE_DEBUG_INFO = NO;
				MTL_FAST_MATH = YES;
				SDKROOT = iphoneos;
				SWIFT_COMPILATION_MODE = wholemodule;
				SWIFT_OPTIMIZATION_LEVEL = "-O";
				VALIDATE_PRODUCT = YES;
			};
			name = Release;
		};
		76EA7BF127C0CCAC004A56C1 /* Debug */ = {
			isa = XCBuildConfiguration;
			buildSettings = {
				ASSETCATALOG_COMPILER_APPICON_NAME = AppIcon;
				ASSETCATALOG_COMPILER_GLOBAL_ACCENT_COLOR_NAME = AccentColor;
				CODE_SIGN_STYLE = Automatic;
				CURRENT_PROJECT_VERSION = 10;
				DEVELOPMENT_TEAM = 2MRY8P7863;
				GENERATE_INFOPLIST_FILE = YES;
				INFOPLIST_FILE = "NFT-Helper/Info.plist";
				INFOPLIST_KEY_CFBundleDisplayName = "NFT-Helper";
				INFOPLIST_KEY_NSCalendarsUsageDescription = "캘린더 앱 권한을 허용해주세요";
				INFOPLIST_KEY_NSRemindersUsageDescription = "리마인더 앱 권한을 허용해주세요";
				INFOPLIST_KEY_UIApplicationSupportsIndirectInputEvents = YES;
				INFOPLIST_KEY_UILaunchStoryboardName = LaunchScreen;
				INFOPLIST_KEY_UISupportedInterfaceOrientations = UIInterfaceOrientationPortrait;
				INFOPLIST_KEY_UISupportedInterfaceOrientations_iPad = "UIInterfaceOrientationPortrait UIInterfaceOrientationPortraitUpsideDown UIInterfaceOrientationLandscapeLeft UIInterfaceOrientationLandscapeRight";
				INFOPLIST_KEY_UISupportedInterfaceOrientations_iPhone = "UIInterfaceOrientationPortrait UIInterfaceOrientationLandscapeLeft UIInterfaceOrientationLandscapeRight";
				INFOPLIST_KEY_UIUserInterfaceStyle = Light;
				IPHONEOS_DEPLOYMENT_TARGET = 15.0;
				LD_RUNPATH_SEARCH_PATHS = (
					"$(inherited)",
					"@executable_path/Frameworks",
				);
				MARKETING_VERSION = 1.0;
				PRODUCT_BUNDLE_IDENTIFIER = "com.sookim.NFT-Helper";
				PRODUCT_NAME = "$(TARGET_NAME)";
				SWIFT_EMIT_LOC_STRINGS = YES;
				SWIFT_VERSION = 5.0;
				TARGETED_DEVICE_FAMILY = 1;
			};
			name = Debug;
		};
		76EA7BF227C0CCAC004A56C1 /* Release */ = {
			isa = XCBuildConfiguration;
			buildSettings = {
				ASSETCATALOG_COMPILER_APPICON_NAME = AppIcon;
				ASSETCATALOG_COMPILER_GLOBAL_ACCENT_COLOR_NAME = AccentColor;
				CODE_SIGN_STYLE = Automatic;
				CURRENT_PROJECT_VERSION = 10;
				DEVELOPMENT_TEAM = 2MRY8P7863;
				GENERATE_INFOPLIST_FILE = YES;
				INFOPLIST_FILE = "NFT-Helper/Info.plist";
				INFOPLIST_KEY_CFBundleDisplayName = "NFT-Helper";
				INFOPLIST_KEY_NSCalendarsUsageDescription = "캘린더 앱 권한을 허용해주세요";
				INFOPLIST_KEY_NSRemindersUsageDescription = "리마인더 앱 권한을 허용해주세요";
				INFOPLIST_KEY_UIApplicationSupportsIndirectInputEvents = YES;
				INFOPLIST_KEY_UILaunchStoryboardName = LaunchScreen;
				INFOPLIST_KEY_UISupportedInterfaceOrientations = UIInterfaceOrientationPortrait;
				INFOPLIST_KEY_UISupportedInterfaceOrientations_iPad = "UIInterfaceOrientationPortrait UIInterfaceOrientationPortraitUpsideDown UIInterfaceOrientationLandscapeLeft UIInterfaceOrientationLandscapeRight";
				INFOPLIST_KEY_UISupportedInterfaceOrientations_iPhone = "UIInterfaceOrientationPortrait UIInterfaceOrientationLandscapeLeft UIInterfaceOrientationLandscapeRight";
				INFOPLIST_KEY_UIUserInterfaceStyle = Light;
				IPHONEOS_DEPLOYMENT_TARGET = 15.0;
				LD_RUNPATH_SEARCH_PATHS = (
					"$(inherited)",
					"@executable_path/Frameworks",
				);
				MARKETING_VERSION = 1.0;
				PRODUCT_BUNDLE_IDENTIFIER = "com.sookim.NFT-Helper";
				PRODUCT_NAME = "$(TARGET_NAME)";
				SWIFT_EMIT_LOC_STRINGS = YES;
				SWIFT_VERSION = 5.0;
				TARGETED_DEVICE_FAMILY = 1;
			};
			name = Release;
		};
		76EA7BF427C0CCAC004A56C1 /* Debug */ = {
			isa = XCBuildConfiguration;
			buildSettings = {
				ALWAYS_EMBED_SWIFT_STANDARD_LIBRARIES = YES;
				BUNDLE_LOADER = "$(TEST_HOST)";
				CODE_SIGN_STYLE = Automatic;
				CURRENT_PROJECT_VERSION = 1;
				DEVELOPMENT_TEAM = 2MRY8P7863;
				GENERATE_INFOPLIST_FILE = YES;
				IPHONEOS_DEPLOYMENT_TARGET = 15.0;
				LD_RUNPATH_SEARCH_PATHS = (
					"$(inherited)",
					"@executable_path/Frameworks",
					"@loader_path/Frameworks",
				);
				MARKETING_VERSION = 1.0;
				PRODUCT_BUNDLE_IDENTIFIER = "com.sookim.NFT-HelperTests";
				PRODUCT_NAME = "$(TARGET_NAME)";
				SWIFT_EMIT_LOC_STRINGS = NO;
				SWIFT_VERSION = 5.0;
				TARGETED_DEVICE_FAMILY = "1,2";
				TEST_HOST = "$(BUILT_PRODUCTS_DIR)/NFT-Helper.app/NFT-Helper";
			};
			name = Debug;
		};
		76EA7BF527C0CCAC004A56C1 /* Release */ = {
			isa = XCBuildConfiguration;
			buildSettings = {
				ALWAYS_EMBED_SWIFT_STANDARD_LIBRARIES = YES;
				BUNDLE_LOADER = "$(TEST_HOST)";
				CODE_SIGN_STYLE = Automatic;
				CURRENT_PROJECT_VERSION = 1;
				DEVELOPMENT_TEAM = 2MRY8P7863;
				GENERATE_INFOPLIST_FILE = YES;
				IPHONEOS_DEPLOYMENT_TARGET = 15.0;
				LD_RUNPATH_SEARCH_PATHS = (
					"$(inherited)",
					"@executable_path/Frameworks",
					"@loader_path/Frameworks",
				);
				MARKETING_VERSION = 1.0;
				PRODUCT_BUNDLE_IDENTIFIER = "com.sookim.NFT-HelperTests";
				PRODUCT_NAME = "$(TARGET_NAME)";
				SWIFT_EMIT_LOC_STRINGS = NO;
				SWIFT_VERSION = 5.0;
				TARGETED_DEVICE_FAMILY = "1,2";
				TEST_HOST = "$(BUILT_PRODUCTS_DIR)/NFT-Helper.app/NFT-Helper";
			};
			name = Release;
		};
		76EA7BF727C0CCAC004A56C1 /* Debug */ = {
			isa = XCBuildConfiguration;
			buildSettings = {
				ALWAYS_EMBED_SWIFT_STANDARD_LIBRARIES = YES;
				CODE_SIGN_STYLE = Automatic;
				CURRENT_PROJECT_VERSION = 1;
				DEVELOPMENT_TEAM = 2MRY8P7863;
				GENERATE_INFOPLIST_FILE = YES;
				LD_RUNPATH_SEARCH_PATHS = (
					"$(inherited)",
					"@executable_path/Frameworks",
					"@loader_path/Frameworks",
				);
				MARKETING_VERSION = 1.0;
				PRODUCT_BUNDLE_IDENTIFIER = "com.sookim.NFT-HelperUITests";
				PRODUCT_NAME = "$(TARGET_NAME)";
				SWIFT_EMIT_LOC_STRINGS = NO;
				SWIFT_VERSION = 5.0;
				TARGETED_DEVICE_FAMILY = "1,2";
				TEST_TARGET_NAME = "NFT-Helper";
			};
			name = Debug;
		};
		76EA7BF827C0CCAC004A56C1 /* Release */ = {
			isa = XCBuildConfiguration;
			buildSettings = {
				ALWAYS_EMBED_SWIFT_STANDARD_LIBRARIES = YES;
				CODE_SIGN_STYLE = Automatic;
				CURRENT_PROJECT_VERSION = 1;
				DEVELOPMENT_TEAM = 2MRY8P7863;
				GENERATE_INFOPLIST_FILE = YES;
				LD_RUNPATH_SEARCH_PATHS = (
					"$(inherited)",
					"@executable_path/Frameworks",
					"@loader_path/Frameworks",
				);
				MARKETING_VERSION = 1.0;
				PRODUCT_BUNDLE_IDENTIFIER = "com.sookim.NFT-HelperUITests";
				PRODUCT_NAME = "$(TARGET_NAME)";
				SWIFT_EMIT_LOC_STRINGS = NO;
				SWIFT_VERSION = 5.0;
				TARGETED_DEVICE_FAMILY = "1,2";
				TEST_TARGET_NAME = "NFT-Helper";
			};
			name = Release;
		};
/* End XCBuildConfiguration section */

/* Begin XCConfigurationList section */
		76EA7BC127C0CCA9004A56C1 /* Build configuration list for PBXProject "NFT-Helper" */ = {
			isa = XCConfigurationList;
			buildConfigurations = (
				76EA7BEE27C0CCAC004A56C1 /* Debug */,
				76EA7BEF27C0CCAC004A56C1 /* Release */,
			);
			defaultConfigurationIsVisible = 0;
			defaultConfigurationName = Release;
		};
		76EA7BF027C0CCAC004A56C1 /* Build configuration list for PBXNativeTarget "NFT-Helper" */ = {
			isa = XCConfigurationList;
			buildConfigurations = (
				76EA7BF127C0CCAC004A56C1 /* Debug */,
				76EA7BF227C0CCAC004A56C1 /* Release */,
			);
			defaultConfigurationIsVisible = 0;
			defaultConfigurationName = Release;
		};
		76EA7BF327C0CCAC004A56C1 /* Build configuration list for PBXNativeTarget "NFT-HelperTests" */ = {
			isa = XCConfigurationList;
			buildConfigurations = (
				76EA7BF427C0CCAC004A56C1 /* Debug */,
				76EA7BF527C0CCAC004A56C1 /* Release */,
			);
			defaultConfigurationIsVisible = 0;
			defaultConfigurationName = Release;
		};
		76EA7BF627C0CCAC004A56C1 /* Build configuration list for PBXNativeTarget "NFT-HelperUITests" */ = {
			isa = XCConfigurationList;
			buildConfigurations = (
				76EA7BF727C0CCAC004A56C1 /* Debug */,
				76EA7BF827C0CCAC004A56C1 /* Release */,
			);
			defaultConfigurationIsVisible = 0;
			defaultConfigurationName = Release;
		};
/* End XCConfigurationList section */

/* Begin XCRemoteSwiftPackageReference section */
		76289E9B27CA3CC7009B70DD /* XCRemoteSwiftPackageReference "SnapKit" */ = {
		7681D3AA27C1357D003A753A /* XCRemoteSwiftPackageReference "Alamofire" */ = {
			isa = XCRemoteSwiftPackageReference;
			repositoryURL = "https://github.com/Alamofire/Alamofire.git";
			requirement = {
				branch = master;
				kind = branch;
			};
		};
		76EA7BF927C0F518004A56C1 /* XCRemoteSwiftPackageReference "SnapKit" */ = {
			isa = XCRemoteSwiftPackageReference;
			repositoryURL = "https://github.com/SnapKit/SnapKit";
			requirement = {
				branch = develop;
				kind = branch;
			};
		};
		76EA7BFF27C0F821004A56C1 /* XCRemoteSwiftPackageReference "Starscream" */ = {
			isa = XCRemoteSwiftPackageReference;
			repositoryURL = "https://github.com/daltoniam/Starscream.git";
			requirement = {
				kind = upToNextMajorVersion;
				minimumVersion = 4.0.0;
			};
		};
		76EA7C0227C11634004A56C1 /* XCRemoteSwiftPackageReference "ProgressHUD" */ = {
			isa = XCRemoteSwiftPackageReference;
			repositoryURL = "https://github.com/relatedcode/ProgressHUD.git";
			requirement = {
				branch = master;
				kind = branch;
			};
		};
		7662EC1627FABDC6005B4596 /* XCRemoteSwiftPackageReference "IQKeyboardManager" */ = {
			isa = XCRemoteSwiftPackageReference;
			repositoryURL = "https://github.com/hackiftekhar/IQKeyboardManager.git";
			requirement = {
				kind = upToNextMajorVersion;
				minimumVersion = 6.0.0;
			};
		};
/* End XCRemoteSwiftPackageReference section */

/* Begin XCSwiftPackageProductDependency section */
		7621A13127FA206400452446 /* Starscream */ = {
			isa = XCSwiftPackageProductDependency;
			package = 7621A13027FA206400452446 /* XCRemoteSwiftPackageReference "Starscream" */;
			productName = Starscream;
		};
		7621A13427FA207000452446 /* Alamofire */ = {
			isa = XCSwiftPackageProductDependency;
			package = 7621A13327FA207000452446 /* XCRemoteSwiftPackageReference "Alamofire" */;
			productName = Alamofire;
		};
		7621A13727FA207B00452446 /* ProgressHUD */ = {
			isa = XCSwiftPackageProductDependency;
			package = 7621A13627FA207B00452446 /* XCRemoteSwiftPackageReference "ProgressHUD" */;
			productName = ProgressHUD;
		};
		7627E44727F2146500A17FB0 /* SwiftSoup */ = {
			isa = XCSwiftPackageProductDependency;
			package = 7627E44627F2146500A17FB0 /* XCRemoteSwiftPackageReference "SwiftSoup" */;
			productName = SwiftSoup;
		};
		76289E9C27CA3CC7009B70DD /* SnapKit */ = {
			isa = XCSwiftPackageProductDependency;
			package = 76289E9B27CA3CC7009B70DD /* XCRemoteSwiftPackageReference "SnapKit" */;
			productName = SnapKit;
		};
		76289EA127CA454C009B70DD /* Toast */ = {
			isa = XCSwiftPackageProductDependency;
			package = 76289EA027CA454C009B70DD /* XCRemoteSwiftPackageReference "Toast-Swift" */;
			productName = Toast;
		7681D3AC27C13766003A753A /* Alamofire */ = {
			isa = XCSwiftPackageProductDependency;
			package = 7681D3AA27C1357D003A753A /* XCRemoteSwiftPackageReference "Alamofire" */;
			productName = Alamofire;
		};
		76EA7BFA27C0F518004A56C1 /* SnapKit */ = {
			isa = XCSwiftPackageProductDependency;
			package = 76EA7BF927C0F518004A56C1 /* XCRemoteSwiftPackageReference "SnapKit" */;
			productName = SnapKit;
		};
		76EA7C0027C0F821004A56C1 /* Starscream */ = {
			isa = XCSwiftPackageProductDependency;
			package = 76EA7BFF27C0F821004A56C1 /* XCRemoteSwiftPackageReference "Starscream" */;
			productName = Starscream;
		};
		76EA7C0327C11634004A56C1 /* ProgressHUD */ = {
			isa = XCSwiftPackageProductDependency;
			package = 76EA7C0227C11634004A56C1 /* XCRemoteSwiftPackageReference "ProgressHUD" */;
			productName = ProgressHUD;
		};
		7662EC1727FABDC6005B4596 /* IQKeyboardManagerSwift */ = {
			isa = XCSwiftPackageProductDependency;
			package = 7662EC1627FABDC6005B4596 /* XCRemoteSwiftPackageReference "IQKeyboardManager" */;
			productName = IQKeyboardManagerSwift;
		};
/* End XCSwiftPackageProductDependency section */
	};
	rootObject = 76EA7BBE27C0CCA9004A56C1 /* Project object */;
}
