// !$*UTF8*$!
{
	archiveVersion = 1;
	classes = {
	};
	objectVersion = 55;
	objects = {

/* Begin PBXBuildFile section */
		76289E9627CA3750009B70DD /* SecondVC.swift in Sources */ = {isa = PBXBuildFile; fileRef = 76289E9527CA3750009B70DD /* SecondVC.swift */; };
		76289E9827CA3A59009B70DD /* CustomDefaultStyleButton.swift in Sources */ = {isa = PBXBuildFile; fileRef = 76289E9727CA3A59009B70DD /* CustomDefaultStyleButton.swift */; };
		76289E9A27CA3B5F009B70DD /* CustomDefaultStyleTextField.swift in Sources */ = {isa = PBXBuildFile; fileRef = 76289E9927CA3B5F009B70DD /* CustomDefaultStyleTextField.swift */; };
		76289E9D27CA3CC7009B70DD /* SnapKit in Frameworks */ = {isa = PBXBuildFile; productRef = 76289E9C27CA3CC7009B70DD /* SnapKit */; };
		76EA7BCA27C0CCA9004A56C1 /* AppDelegate.swift in Sources */ = {isa = PBXBuildFile; fileRef = 76EA7BC927C0CCA9004A56C1 /* AppDelegate.swift */; };
		76EA7BCC27C0CCA9004A56C1 /* SceneDelegate.swift in Sources */ = {isa = PBXBuildFile; fileRef = 76EA7BCB27C0CCA9004A56C1 /* SceneDelegate.swift */; };
		76EA7BCE27C0CCA9004A56C1 /* MainVC.swift in Sources */ = {isa = PBXBuildFile; fileRef = 76EA7BCD27C0CCA9004A56C1 /* MainVC.swift */; };
		76EA7BD327C0CCAC004A56C1 /* Assets.xcassets in Resources */ = {isa = PBXBuildFile; fileRef = 76EA7BD227C0CCAC004A56C1 /* Assets.xcassets */; };
		76EA7BD627C0CCAC004A56C1 /* LaunchScreen.storyboard in Resources */ = {isa = PBXBuildFile; fileRef = 76EA7BD427C0CCAC004A56C1 /* LaunchScreen.storyboard */; };
		76EA7BE127C0CCAC004A56C1 /* NFT_HelperTests.swift in Sources */ = {isa = PBXBuildFile; fileRef = 76EA7BE027C0CCAC004A56C1 /* NFT_HelperTests.swift */; };
		76EA7BEB27C0CCAC004A56C1 /* NFT_HelperUITests.swift in Sources */ = {isa = PBXBuildFile; fileRef = 76EA7BEA27C0CCAC004A56C1 /* NFT_HelperUITests.swift */; };
		76EA7BED27C0CCAC004A56C1 /* NFT_HelperUITestsLaunchTests.swift in Sources */ = {isa = PBXBuildFile; fileRef = 76EA7BEC27C0CCAC004A56C1 /* NFT_HelperUITestsLaunchTests.swift */; };
/* End PBXBuildFile section */

/* Begin PBXContainerItemProxy section */
		76EA7BDD27C0CCAC004A56C1 /* PBXContainerItemProxy */ = {
			isa = PBXContainerItemProxy;
			containerPortal = 76EA7BBE27C0CCA9004A56C1 /* Project object */;
			proxyType = 1;
			remoteGlobalIDString = 76EA7BC527C0CCA9004A56C1;
			remoteInfo = "NFT-Helper";
		};
		76EA7BE727C0CCAC004A56C1 /* PBXContainerItemProxy */ = {
			isa = PBXContainerItemProxy;
			containerPortal = 76EA7BBE27C0CCA9004A56C1 /* Project object */;
			proxyType = 1;
			remoteGlobalIDString = 76EA7BC527C0CCA9004A56C1;
			remoteInfo = "NFT-Helper";
		};
/* End PBXContainerItemProxy section */

/* Begin PBXFileReference section */
		76289E9527CA3750009B70DD /* SecondVC.swift */ = {isa = PBXFileReference; lastKnownFileType = sourcecode.swift; path = SecondVC.swift; sourceTree = "<group>"; };
		76289E9727CA3A59009B70DD /* CustomDefaultStyleButton.swift */ = {isa = PBXFileReference; lastKnownFileType = sourcecode.swift; path = CustomDefaultStyleButton.swift; sourceTree = "<group>"; };
		76289E9927CA3B5F009B70DD /* CustomDefaultStyleTextField.swift */ = {isa = PBXFileReference; lastKnownFileType = sourcecode.swift; path = CustomDefaultStyleTextField.swift; sourceTree = "<group>"; };
		76EA7BC627C0CCA9004A56C1 /* NFT-Helper.app */ = {isa = PBXFileReference; explicitFileType = wrapper.application; includeInIndex = 0; path = "NFT-Helper.app"; sourceTree = BUILT_PRODUCTS_DIR; };
		76EA7BC927C0CCA9004A56C1 /* AppDelegate.swift */ = {isa = PBXFileReference; lastKnownFileType = sourcecode.swift; path = AppDelegate.swift; sourceTree = "<group>"; };
		76EA7BCB27C0CCA9004A56C1 /* SceneDelegate.swift */ = {isa = PBXFileReference; lastKnownFileType = sourcecode.swift; path = SceneDelegate.swift; sourceTree = "<group>"; };
		76EA7BCD27C0CCA9004A56C1 /* MainVC.swift */ = {isa = PBXFileReference; lastKnownFileType = sourcecode.swift; path = MainVC.swift; sourceTree = "<group>"; };
		76EA7BD227C0CCAC004A56C1 /* Assets.xcassets */ = {isa = PBXFileReference; lastKnownFileType = folder.assetcatalog; path = Assets.xcassets; sourceTree = "<group>"; };
		76EA7BD527C0CCAC004A56C1 /* Base */ = {isa = PBXFileReference; lastKnownFileType = file.storyboard; name = Base; path = Base.lproj/LaunchScreen.storyboard; sourceTree = "<group>"; };
		76EA7BD727C0CCAC004A56C1 /* Info.plist */ = {isa = PBXFileReference; lastKnownFileType = text.plist.xml; path = Info.plist; sourceTree = "<group>"; };
		76EA7BDC27C0CCAC004A56C1 /* NFT-HelperTests.xctest */ = {isa = PBXFileReference; explicitFileType = wrapper.cfbundle; includeInIndex = 0; path = "NFT-HelperTests.xctest"; sourceTree = BUILT_PRODUCTS_DIR; };
		76EA7BE027C0CCAC004A56C1 /* NFT_HelperTests.swift */ = {isa = PBXFileReference; lastKnownFileType = sourcecode.swift; path = NFT_HelperTests.swift; sourceTree = "<group>"; };
		76EA7BE627C0CCAC004A56C1 /* NFT-HelperUITests.xctest */ = {isa = PBXFileReference; explicitFileType = wrapper.cfbundle; includeInIndex = 0; path = "NFT-HelperUITests.xctest"; sourceTree = BUILT_PRODUCTS_DIR; };
		76EA7BEA27C0CCAC004A56C1 /* NFT_HelperUITests.swift */ = {isa = PBXFileReference; lastKnownFileType = sourcecode.swift; path = NFT_HelperUITests.swift; sourceTree = "<group>"; };
		76EA7BEC27C0CCAC004A56C1 /* NFT_HelperUITestsLaunchTests.swift */ = {isa = PBXFileReference; lastKnownFileType = sourcecode.swift; path = NFT_HelperUITestsLaunchTests.swift; sourceTree = "<group>"; };
/* End PBXFileReference section */

/* Begin PBXFrameworksBuildPhase section */
		76EA7BC327C0CCA9004A56C1 /* Frameworks */ = {
			isa = PBXFrameworksBuildPhase;
			buildActionMask = 2147483647;
			files = (
				76289E9D27CA3CC7009B70DD /* SnapKit in Frameworks */,
			);
			runOnlyForDeploymentPostprocessing = 0;
		};
		76EA7BD927C0CCAC004A56C1 /* Frameworks */ = {
			isa = PBXFrameworksBuildPhase;
			buildActionMask = 2147483647;
			files = (
			);
			runOnlyForDeploymentPostprocessing = 0;
		};
		76EA7BE327C0CCAC004A56C1 /* Frameworks */ = {
			isa = PBXFrameworksBuildPhase;
			buildActionMask = 2147483647;
			files = (
			);
			runOnlyForDeploymentPostprocessing = 0;
		};
/* End PBXFrameworksBuildPhase section */

/* Begin PBXGroup section */
		76EA7BBD27C0CCA9004A56C1 = {
			isa = PBXGroup;
			children = (
				76EA7BC827C0CCA9004A56C1 /* NFT-Helper */,
				76EA7BDF27C0CCAC004A56C1 /* NFT-HelperTests */,
				76EA7BE927C0CCAC004A56C1 /* NFT-HelperUITests */,
				76EA7BC727C0CCA9004A56C1 /* Products */,
			);
			sourceTree = "<group>";
		};
		76EA7BC727C0CCA9004A56C1 /* Products */ = {
			isa = PBXGroup;
			children = (
				76EA7BC627C0CCA9004A56C1 /* NFT-Helper.app */,
				76EA7BDC27C0CCAC004A56C1 /* NFT-HelperTests.xctest */,
				76EA7BE627C0CCAC004A56C1 /* NFT-HelperUITests.xctest */,
			);
			name = Products;
			sourceTree = "<group>";
		};
		76EA7BC827C0CCA9004A56C1 /* NFT-Helper */ = {
			isa = PBXGroup;
			children = (
				76EA7BC927C0CCA9004A56C1 /* AppDelegate.swift */,
				76EA7BCB27C0CCA9004A56C1 /* SceneDelegate.swift */,
				76EA7BCD27C0CCA9004A56C1 /* MainVC.swift */,
				76289E9527CA3750009B70DD /* SecondVC.swift */,
				76289E9727CA3A59009B70DD /* CustomDefaultStyleButton.swift */,
				76289E9927CA3B5F009B70DD /* CustomDefaultStyleTextField.swift */,
				76EA7BD227C0CCAC004A56C1 /* Assets.xcassets */,
				76EA7BD427C0CCAC004A56C1 /* LaunchScreen.storyboard */,
				76EA7BD727C0CCAC004A56C1 /* Info.plist */,
			);
			path = "NFT-Helper";
			sourceTree = "<group>";
		};
		76EA7BDF27C0CCAC004A56C1 /* NFT-HelperTests */ = {
			isa = PBXGroup;
			children = (
				76EA7BE027C0CCAC004A56C1 /* NFT_HelperTests.swift */,
			);
			path = "NFT-HelperTests";
			sourceTree = "<group>";
		};
		76EA7BE927C0CCAC004A56C1 /* NFT-HelperUITests */ = {
			isa = PBXGroup;
			children = (
				76EA7BEA27C0CCAC004A56C1 /* NFT_HelperUITests.swift */,
				76EA7BEC27C0CCAC004A56C1 /* NFT_HelperUITestsLaunchTests.swift */,
			);
			path = "NFT-HelperUITests";
			sourceTree = "<group>";
		};
/* End PBXGroup section */

/* Begin PBXNativeTarget section */
		76EA7BC527C0CCA9004A56C1 /* NFT-Helper */ = {
			isa = PBXNativeTarget;
			buildConfigurationList = 76EA7BF027C0CCAC004A56C1 /* Build configuration list for PBXNativeTarget "NFT-Helper" */;
			buildPhases = (
				76EA7BC227C0CCA9004A56C1 /* Sources */,
				76EA7BC327C0CCA9004A56C1 /* Frameworks */,
				76EA7BC427C0CCA9004A56C1 /* Resources */,
			);
			buildRules = (
			);
			dependencies = (
			);
			name = "NFT-Helper";
			packageProductDependencies = (
				76289E9C27CA3CC7009B70DD /* SnapKit */,
			);
			productName = "NFT-Helper";
			productReference = 76EA7BC627C0CCA9004A56C1 /* NFT-Helper.app */;
			productType = "com.apple.product-type.application";
		};
		76EA7BDB27C0CCAC004A56C1 /* NFT-HelperTests */ = {
			isa = PBXNativeTarget;
			buildConfigurationList = 76EA7BF327C0CCAC004A56C1 /* Build configuration list for PBXNativeTarget "NFT-HelperTests" */;
			buildPhases = (
				76EA7BD827C0CCAC004A56C1 /* Sources */,
				76EA7BD927C0CCAC004A56C1 /* Frameworks */,
				76EA7BDA27C0CCAC004A56C1 /* Resources */,
			);
			buildRules = (
			);
			dependencies = (
				76EA7BDE27C0CCAC004A56C1 /* PBXTargetDependency */,
			);
			name = "NFT-HelperTests";
			productName = "NFT-HelperTests";
			productReference = 76EA7BDC27C0CCAC004A56C1 /* NFT-HelperTests.xctest */;
			productType = "com.apple.product-type.bundle.unit-test";
		};
		76EA7BE527C0CCAC004A56C1 /* NFT-HelperUITests */ = {
			isa = PBXNativeTarget;
			buildConfigurationList = 76EA7BF627C0CCAC004A56C1 /* Build configuration list for PBXNativeTarget "NFT-HelperUITests" */;
			buildPhases = (
				76EA7BE227C0CCAC004A56C1 /* Sources */,
				76EA7BE327C0CCAC004A56C1 /* Frameworks */,
				76EA7BE427C0CCAC004A56C1 /* Resources */,
			);
			buildRules = (
			);
			dependencies = (
				76EA7BE827C0CCAC004A56C1 /* PBXTargetDependency */,
			);
			name = "NFT-HelperUITests";
			productName = "NFT-HelperUITests";
			productReference = 76EA7BE627C0CCAC004A56C1 /* NFT-HelperUITests.xctest */;
			productType = "com.apple.product-type.bundle.ui-testing";
		};
/* End PBXNativeTarget section */

/* Begin PBXProject section */
		76EA7BBE27C0CCA9004A56C1 /* Project object */ = {
			isa = PBXProject;
			attributes = {
				BuildIndependentTargetsInParallel = 1;
				LastSwiftUpdateCheck = 1310;
				LastUpgradeCheck = 1310;
				TargetAttributes = {
					76EA7BC527C0CCA9004A56C1 = {
						CreatedOnToolsVersion = 13.1;
					};
					76EA7BDB27C0CCAC004A56C1 = {
						CreatedOnToolsVersion = 13.1;
						TestTargetID = 76EA7BC527C0CCA9004A56C1;
					};
					76EA7BE527C0CCAC004A56C1 = {
						CreatedOnToolsVersion = 13.1;
						TestTargetID = 76EA7BC527C0CCA9004A56C1;
					};
				};
			};
			buildConfigurationList = 76EA7BC127C0CCA9004A56C1 /* Build configuration list for PBXProject "NFT-Helper" */;
			compatibilityVersion = "Xcode 13.0";
			developmentRegion = en;
			hasScannedForEncodings = 0;
			knownRegions = (
				en,
				Base,
			);
			mainGroup = 76EA7BBD27C0CCA9004A56C1;
			packageReferences = (
				76289E9B27CA3CC7009B70DD /* XCRemoteSwiftPackageReference "SnapKit" */,
			);
			productRefGroup = 76EA7BC727C0CCA9004A56C1 /* Products */;
			projectDirPath = "";
			projectRoot = "";
			targets = (
				76EA7BC527C0CCA9004A56C1 /* NFT-Helper */,
				76EA7BDB27C0CCAC004A56C1 /* NFT-HelperTests */,
				76EA7BE527C0CCAC004A56C1 /* NFT-HelperUITests */,
			);
		};
/* End PBXProject section */

/* Begin PBXResourcesBuildPhase section */
		76EA7BC427C0CCA9004A56C1 /* Resources */ = {
			isa = PBXResourcesBuildPhase;
			buildActionMask = 2147483647;
			files = (
				76EA7BD627C0CCAC004A56C1 /* LaunchScreen.storyboard in Resources */,
				76EA7BD327C0CCAC004A56C1 /* Assets.xcassets in Resources */,
			);
			runOnlyForDeploymentPostprocessing = 0;
		};
		76EA7BDA27C0CCAC004A56C1 /* Resources */ = {
			isa = PBXResourcesBuildPhase;
			buildActionMask = 2147483647;
			files = (
			);
			runOnlyForDeploymentPostprocessing = 0;
		};
		76EA7BE427C0CCAC004A56C1 /* Resources */ = {
			isa = PBXResourcesBuildPhase;
			buildActionMask = 2147483647;
			files = (
			);
			runOnlyForDeploymentPostprocessing = 0;
		};
/* End PBXResourcesBuildPhase section */

/* Begin PBXSourcesBuildPhase section */
		76EA7BC227C0CCA9004A56C1 /* Sources */ = {
			isa = PBXSourcesBuildPhase;
			buildActionMask = 2147483647;
			files = (
				76289E9827CA3A59009B70DD /* CustomDefaultStyleButton.swift in Sources */,
				76289E9627CA3750009B70DD /* SecondVC.swift in Sources */,
				76289E9A27CA3B5F009B70DD /* CustomDefaultStyleTextField.swift in Sources */,
				76EA7BCE27C0CCA9004A56C1 /* MainVC.swift in Sources */,
				76EA7BCA27C0CCA9004A56C1 /* AppDelegate.swift in Sources */,
				76EA7BCC27C0CCA9004A56C1 /* SceneDelegate.swift in Sources */,
			);
			runOnlyForDeploymentPostprocessing = 0;
		};
		76EA7BD827C0CCAC004A56C1 /* Sources */ = {
			isa = PBXSourcesBuildPhase;
			buildActionMask = 2147483647;
			files = (
				76EA7BE127C0CCAC004A56C1 /* NFT_HelperTests.swift in Sources */,
			);
			runOnlyForDeploymentPostprocessing = 0;
		};
		76EA7BE227C0CCAC004A56C1 /* Sources */ = {
			isa = PBXSourcesBuildPhase;
			buildActionMask = 2147483647;
			files = (
				76EA7BEB27C0CCAC004A56C1 /* NFT_HelperUITests.swift in Sources */,
				76EA7BED27C0CCAC004A56C1 /* NFT_HelperUITestsLaunchTests.swift in Sources */,
			);
			runOnlyForDeploymentPostprocessing = 0;
		};
/* End PBXSourcesBuildPhase section */

/* Begin PBXTargetDependency section */
		76EA7BDE27C0CCAC004A56C1 /* PBXTargetDependency */ = {
			isa = PBXTargetDependency;
			target = 76EA7BC527C0CCA9004A56C1 /* NFT-Helper */;
			targetProxy = 76EA7BDD27C0CCAC004A56C1 /* PBXContainerItemProxy */;
		};
		76EA7BE827C0CCAC004A56C1 /* PBXTargetDependency */ = {
			isa = PBXTargetDependency;
			target = 76EA7BC527C0CCA9004A56C1 /* NFT-Helper */;
			targetProxy = 76EA7BE727C0CCAC004A56C1 /* PBXContainerItemProxy */;
		};
/* End PBXTargetDependency section */

/* Begin PBXVariantGroup section */
		76EA7BD427C0CCAC004A56C1 /* LaunchScreen.storyboard */ = {
			isa = PBXVariantGroup;
			children = (
				76EA7BD527C0CCAC004A56C1 /* Base */,
			);
			name = LaunchScreen.storyboard;
			sourceTree = "<group>";
		};
/* End PBXVariantGroup section */

/* Begin XCBuildConfiguration section */
		76EA7BEE27C0CCAC004A56C1 /* Debug */ = {
			isa = XCBuildConfiguration;
			buildSettings = {
				ALWAYS_SEARCH_USER_PATHS = NO;
				CLANG_ANALYZER_NONNULL = YES;
				CLANG_ANALYZER_NUMBER_OBJECT_CONVERSION = YES_AGGRESSIVE;
				CLANG_CXX_LANGUAGE_STANDARD = "gnu++17";
				CLANG_CXX_LIBRARY = "libc++";
				CLANG_ENABLE_MODULES = YES;
				CLANG_ENABLE_OBJC_ARC = YES;
				CLANG_ENABLE_OBJC_WEAK = YES;
				CLANG_WARN_BLOCK_CAPTURE_AUTORELEASING = YES;
				CLANG_WARN_BOOL_CONVERSION = YES;
				CLANG_WARN_COMMA = YES;
				CLANG_WARN_CONSTANT_CONVERSION = YES;
				CLANG_WARN_DEPRECATED_OBJC_IMPLEMENTATIONS = YES;
				CLANG_WARN_DIRECT_OBJC_ISA_USAGE = YES_ERROR;
				CLANG_WARN_DOCUMENTATION_COMMENTS = YES;
				CLANG_WARN_EMPTY_BODY = YES;
				CLANG_WARN_ENUM_CONVERSION = YES;
				CLANG_WARN_INFINITE_RECURSION = YES;
				CLANG_WARN_INT_CONVERSION = YES;
				CLANG_WARN_NON_LITERAL_NULL_CONVERSION = YES;
				CLANG_WARN_OBJC_IMPLICIT_RETAIN_SELF = YES;
				CLANG_WARN_OBJC_LITERAL_CONVERSION = YES;
				CLANG_WARN_OBJC_ROOT_CLASS = YES_ERROR;
				CLANG_WARN_QUOTED_INCLUDE_IN_FRAMEWORK_HEADER = YES;
				CLANG_WARN_RANGE_LOOP_ANALYSIS = YES;
				CLANG_WARN_STRICT_PROTOTYPES = YES;
				CLANG_WARN_SUSPICIOUS_MOVE = YES;
				CLANG_WARN_UNGUARDED_AVAILABILITY = YES_AGGRESSIVE;
				CLANG_WARN_UNREACHABLE_CODE = YES;
				CLANG_WARN__DUPLICATE_METHOD_MATCH = YES;
				COPY_PHASE_STRIP = NO;
				DEBUG_INFORMATION_FORMAT = dwarf;
				ENABLE_STRICT_OBJC_MSGSEND = YES;
				ENABLE_TESTABILITY = YES;
				GCC_C_LANGUAGE_STANDARD = gnu11;
				GCC_DYNAMIC_NO_PIC = NO;
				GCC_NO_COMMON_BLOCKS = YES;
				GCC_OPTIMIZATION_LEVEL = 0;
				GCC_PREPROCESSOR_DEFINITIONS = (
					"DEBUG=1",
					"$(inherited)",
				);
				GCC_WARN_64_TO_32_BIT_CONVERSION = YES;
				GCC_WARN_ABOUT_RETURN_TYPE = YES_ERROR;
				GCC_WARN_UNDECLARED_SELECTOR = YES;
				GCC_WARN_UNINITIALIZED_AUTOS = YES_AGGRESSIVE;
				GCC_WARN_UNUSED_FUNCTION = YES;
				GCC_WARN_UNUSED_VARIABLE = YES;
				IPHONEOS_DEPLOYMENT_TARGET = 15.0;
				MTL_ENABLE_DEBUG_INFO = INCLUDE_SOURCE;
				MTL_FAST_MATH = YES;
				ONLY_ACTIVE_ARCH = YES;
				SDKROOT = iphoneos;
				SWIFT_ACTIVE_COMPILATION_CONDITIONS = DEBUG;
				SWIFT_OPTIMIZATION_LEVEL = "-Onone";
			};
			name = Debug;
		};
		76EA7BEF27C0CCAC004A56C1 /* Release */ = {
			isa = XCBuildConfiguration;
			buildSettings = {
				ALWAYS_SEARCH_USER_PATHS = NO;
				CLANG_ANALYZER_NONNULL = YES;
				CLANG_ANALYZER_NUMBER_OBJECT_CONVERSION = YES_AGGRESSIVE;
				CLANG_CXX_LANGUAGE_STANDARD = "gnu++17";
				CLANG_CXX_LIBRARY = "libc++";
				CLANG_ENABLE_MODULES = YES;
				CLANG_ENABLE_OBJC_ARC = YES;
				CLANG_ENABLE_OBJC_WEAK = YES;
				CLANG_WARN_BLOCK_CAPTURE_AUTORELEASING = YES;
				CLANG_WARN_BOOL_CONVERSION = YES;
				CLANG_WARN_COMMA = YES;
				CLANG_WARN_CONSTANT_CONVERSION = YES;
				CLANG_WARN_DEPRECATED_OBJC_IMPLEMENTATIONS = YES;
				CLANG_WARN_DIRECT_OBJC_ISA_USAGE = YES_ERROR;
				CLANG_WARN_DOCUMENTATION_COMMENTS = YES;
				CLANG_WARN_EMPTY_BODY = YES;
				CLANG_WARN_ENUM_CONVERSION = YES;
				CLANG_WARN_INFINITE_RECURSION = YES;
				CLANG_WARN_INT_CONVERSION = YES;
				CLANG_WARN_NON_LITERAL_NULL_CONVERSION = YES;
				CLANG_WARN_OBJC_IMPLICIT_RETAIN_SELF = YES;
				CLANG_WARN_OBJC_LITERAL_CONVERSION = YES;
				CLANG_WARN_OBJC_ROOT_CLASS = YES_ERROR;
				CLANG_WARN_QUOTED_INCLUDE_IN_FRAMEWORK_HEADER = YES;
				CLANG_WARN_RANGE_LOOP_ANALYSIS = YES;
				CLANG_WARN_STRICT_PROTOTYPES = YES;
				CLANG_WARN_SUSPICIOUS_MOVE = YES;
				CLANG_WARN_UNGUARDED_AVAILABILITY = YES_AGGRESSIVE;
				CLANG_WARN_UNREACHABLE_CODE = YES;
				CLANG_WARN__DUPLICATE_METHOD_MATCH = YES;
				COPY_PHASE_STRIP = NO;
				DEBUG_INFORMATION_FORMAT = "dwarf-with-dsym";
				ENABLE_NS_ASSERTIONS = NO;
				ENABLE_STRICT_OBJC_MSGSEND = YES;
				GCC_C_LANGUAGE_STANDARD = gnu11;
				GCC_NO_COMMON_BLOCKS = YES;
				GCC_WARN_64_TO_32_BIT_CONVERSION = YES;
				GCC_WARN_ABOUT_RETURN_TYPE = YES_ERROR;
				GCC_WARN_UNDECLARED_SELECTOR = YES;
				GCC_WARN_UNINITIALIZED_AUTOS = YES_AGGRESSIVE;
				GCC_WARN_UNUSED_FUNCTION = YES;
				GCC_WARN_UNUSED_VARIABLE = YES;
				IPHONEOS_DEPLOYMENT_TARGET = 15.0;
				MTL_ENABLE_DEBUG_INFO = NO;
				MTL_FAST_MATH = YES;
				SDKROOT = iphoneos;
				SWIFT_COMPILATION_MODE = wholemodule;
				SWIFT_OPTIMIZATION_LEVEL = "-O";
				VALIDATE_PRODUCT = YES;
			};
			name = Release;
		};
		76EA7BF127C0CCAC004A56C1 /* Debug */ = {
			isa = XCBuildConfiguration;
			buildSettings = {
				ASSETCATALOG_COMPILER_APPICON_NAME = AppIcon;
				ASSETCATALOG_COMPILER_GLOBAL_ACCENT_COLOR_NAME = AccentColor;
				CODE_SIGN_STYLE = Automatic;
				CURRENT_PROJECT_VERSION = 1;
				DEVELOPMENT_TEAM = 2MRY8P7863;
				GENERATE_INFOPLIST_FILE = YES;
				INFOPLIST_FILE = "NFT-Helper/Info.plist";
				INFOPLIST_KEY_UIApplicationSupportsIndirectInputEvents = YES;
				INFOPLIST_KEY_UILaunchStoryboardName = LaunchScreen;
				INFOPLIST_KEY_UISupportedInterfaceOrientations = UIInterfaceOrientationPortrait;
				INFOPLIST_KEY_UISupportedInterfaceOrientations_iPad = "UIInterfaceOrientationPortrait UIInterfaceOrientationPortraitUpsideDown UIInterfaceOrientationLandscapeLeft UIInterfaceOrientationLandscapeRight";
				INFOPLIST_KEY_UISupportedInterfaceOrientations_iPhone = "UIInterfaceOrientationPortrait UIInterfaceOrientationLandscapeLeft UIInterfaceOrientationLandscapeRight";
				IPHONEOS_DEPLOYMENT_TARGET = 14.0;
				LD_RUNPATH_SEARCH_PATHS = (
					"$(inherited)",
					"@executable_path/Frameworks",
				);
				MARKETING_VERSION = 1.0;
				PRODUCT_BUNDLE_IDENTIFIER = "com.sookim.NFT-Helper";
				PRODUCT_NAME = "$(TARGET_NAME)";
				SWIFT_EMIT_LOC_STRINGS = YES;
				SWIFT_VERSION = 5.0;
				TARGETED_DEVICE_FAMILY = 1;
			};
			name = Debug;
		};
		76EA7BF227C0CCAC004A56C1 /* Release */ = {
			isa = XCBuildConfiguration;
			buildSettings = {
				ASSETCATALOG_COMPILER_APPICON_NAME = AppIcon;
				ASSETCATALOG_COMPILER_GLOBAL_ACCENT_COLOR_NAME = AccentColor;
				CODE_SIGN_STYLE = Automatic;
				CURRENT_PROJECT_VERSION = 1;
				DEVELOPMENT_TEAM = 2MRY8P7863;
				GENERATE_INFOPLIST_FILE = YES;
				INFOPLIST_FILE = "NFT-Helper/Info.plist";
				INFOPLIST_KEY_UIApplicationSupportsIndirectInputEvents = YES;
				INFOPLIST_KEY_UILaunchStoryboardName = LaunchScreen;
				INFOPLIST_KEY_UISupportedInterfaceOrientations = UIInterfaceOrientationPortrait;
				INFOPLIST_KEY_UISupportedInterfaceOrientations_iPad = "UIInterfaceOrientationPortrait UIInterfaceOrientationPortraitUpsideDown UIInterfaceOrientationLandscapeLeft UIInterfaceOrientationLandscapeRight";
				INFOPLIST_KEY_UISupportedInterfaceOrientations_iPhone = "UIInterfaceOrientationPortrait UIInterfaceOrientationLandscapeLeft UIInterfaceOrientationLandscapeRight";
				IPHONEOS_DEPLOYMENT_TARGET = 14.0;
				LD_RUNPATH_SEARCH_PATHS = (
					"$(inherited)",
					"@executable_path/Frameworks",
				);
				MARKETING_VERSION = 1.0;
				PRODUCT_BUNDLE_IDENTIFIER = "com.sookim.NFT-Helper";
				PRODUCT_NAME = "$(TARGET_NAME)";
				SWIFT_EMIT_LOC_STRINGS = YES;
				SWIFT_VERSION = 5.0;
				TARGETED_DEVICE_FAMILY = 1;
			};
			name = Release;
		};
		76EA7BF427C0CCAC004A56C1 /* Debug */ = {
			isa = XCBuildConfiguration;
			buildSettings = {
				ALWAYS_EMBED_SWIFT_STANDARD_LIBRARIES = YES;
				BUNDLE_LOADER = "$(TEST_HOST)";
				CODE_SIGN_STYLE = Automatic;
				CURRENT_PROJECT_VERSION = 1;
				DEVELOPMENT_TEAM = 2MRY8P7863;
				GENERATE_INFOPLIST_FILE = YES;
				IPHONEOS_DEPLOYMENT_TARGET = 15.0;
				LD_RUNPATH_SEARCH_PATHS = (
					"$(inherited)",
					"@executable_path/Frameworks",
					"@loader_path/Frameworks",
				);
				MARKETING_VERSION = 1.0;
				PRODUCT_BUNDLE_IDENTIFIER = "com.sookim.NFT-HelperTests";
				PRODUCT_NAME = "$(TARGET_NAME)";
				SWIFT_EMIT_LOC_STRINGS = NO;
				SWIFT_VERSION = 5.0;
				TARGETED_DEVICE_FAMILY = "1,2";
				TEST_HOST = "$(BUILT_PRODUCTS_DIR)/NFT-Helper.app/NFT-Helper";
			};
			name = Debug;
		};
		76EA7BF527C0CCAC004A56C1 /* Release */ = {
			isa = XCBuildConfiguration;
			buildSettings = {
				ALWAYS_EMBED_SWIFT_STANDARD_LIBRARIES = YES;
				BUNDLE_LOADER = "$(TEST_HOST)";
				CODE_SIGN_STYLE = Automatic;
				CURRENT_PROJECT_VERSION = 1;
				DEVELOPMENT_TEAM = 2MRY8P7863;
				GENERATE_INFOPLIST_FILE = YES;
				IPHONEOS_DEPLOYMENT_TARGET = 15.0;
				LD_RUNPATH_SEARCH_PATHS = (
					"$(inherited)",
					"@executable_path/Frameworks",
					"@loader_path/Frameworks",
				);
				MARKETING_VERSION = 1.0;
				PRODUCT_BUNDLE_IDENTIFIER = "com.sookim.NFT-HelperTests";
				PRODUCT_NAME = "$(TARGET_NAME)";
				SWIFT_EMIT_LOC_STRINGS = NO;
				SWIFT_VERSION = 5.0;
				TARGETED_DEVICE_FAMILY = "1,2";
				TEST_HOST = "$(BUILT_PRODUCTS_DIR)/NFT-Helper.app/NFT-Helper";
			};
			name = Release;
		};
		76EA7BF727C0CCAC004A56C1 /* Debug */ = {
			isa = XCBuildConfiguration;
			buildSettings = {
				ALWAYS_EMBED_SWIFT_STANDARD_LIBRARIES = YES;
				CODE_SIGN_STYLE = Automatic;
				CURRENT_PROJECT_VERSION = 1;
				DEVELOPMENT_TEAM = 2MRY8P7863;
				GENERATE_INFOPLIST_FILE = YES;
				LD_RUNPATH_SEARCH_PATHS = (
					"$(inherited)",
					"@executable_path/Frameworks",
					"@loader_path/Frameworks",
				);
				MARKETING_VERSION = 1.0;
				PRODUCT_BUNDLE_IDENTIFIER = "com.sookim.NFT-HelperUITests";
				PRODUCT_NAME = "$(TARGET_NAME)";
				SWIFT_EMIT_LOC_STRINGS = NO;
				SWIFT_VERSION = 5.0;
				TARGETED_DEVICE_FAMILY = "1,2";
				TEST_TARGET_NAME = "NFT-Helper";
			};
			name = Debug;
		};
		76EA7BF827C0CCAC004A56C1 /* Release */ = {
			isa = XCBuildConfiguration;
			buildSettings = {
				ALWAYS_EMBED_SWIFT_STANDARD_LIBRARIES = YES;
				CODE_SIGN_STYLE = Automatic;
				CURRENT_PROJECT_VERSION = 1;
				DEVELOPMENT_TEAM = 2MRY8P7863;
				GENERATE_INFOPLIST_FILE = YES;
				LD_RUNPATH_SEARCH_PATHS = (
					"$(inherited)",
					"@executable_path/Frameworks",
					"@loader_path/Frameworks",
				);
				MARKETING_VERSION = 1.0;
				PRODUCT_BUNDLE_IDENTIFIER = "com.sookim.NFT-HelperUITests";
				PRODUCT_NAME = "$(TARGET_NAME)";
				SWIFT_EMIT_LOC_STRINGS = NO;
				SWIFT_VERSION = 5.0;
				TARGETED_DEVICE_FAMILY = "1,2";
				TEST_TARGET_NAME = "NFT-Helper";
			};
			name = Release;
		};
/* End XCBuildConfiguration section */

/* Begin XCConfigurationList section */
		76EA7BC127C0CCA9004A56C1 /* Build configuration list for PBXProject "NFT-Helper" */ = {
			isa = XCConfigurationList;
			buildConfigurations = (
				76EA7BEE27C0CCAC004A56C1 /* Debug */,
				76EA7BEF27C0CCAC004A56C1 /* Release */,
			);
			defaultConfigurationIsVisible = 0;
			defaultConfigurationName = Release;
		};
		76EA7BF027C0CCAC004A56C1 /* Build configuration list for PBXNativeTarget "NFT-Helper" */ = {
			isa = XCConfigurationList;
			buildConfigurations = (
				76EA7BF127C0CCAC004A56C1 /* Debug */,
				76EA7BF227C0CCAC004A56C1 /* Release */,
			);
			defaultConfigurationIsVisible = 0;
			defaultConfigurationName = Release;
		};
		76EA7BF327C0CCAC004A56C1 /* Build configuration list for PBXNativeTarget "NFT-HelperTests" */ = {
			isa = XCConfigurationList;
			buildConfigurations = (
				76EA7BF427C0CCAC004A56C1 /* Debug */,
				76EA7BF527C0CCAC004A56C1 /* Release */,
			);
			defaultConfigurationIsVisible = 0;
			defaultConfigurationName = Release;
		};
		76EA7BF627C0CCAC004A56C1 /* Build configuration list for PBXNativeTarget "NFT-HelperUITests" */ = {
			isa = XCConfigurationList;
			buildConfigurations = (
				76EA7BF727C0CCAC004A56C1 /* Debug */,
				76EA7BF827C0CCAC004A56C1 /* Release */,
			);
			defaultConfigurationIsVisible = 0;
			defaultConfigurationName = Release;
		};
/* End XCConfigurationList section */

/* Begin XCRemoteSwiftPackageReference section */
		76289E9B27CA3CC7009B70DD /* XCRemoteSwiftPackageReference "SnapKit" */ = {
			isa = XCRemoteSwiftPackageReference;
			repositoryURL = "https://github.com/SnapKit/SnapKit";
			requirement = {
				branch = develop;
				kind = branch;
			};
		};
/* End XCRemoteSwiftPackageReference section */

/* Begin XCSwiftPackageProductDependency section */
		76289E9C27CA3CC7009B70DD /* SnapKit */ = {
			isa = XCSwiftPackageProductDependency;
			package = 76289E9B27CA3CC7009B70DD /* XCRemoteSwiftPackageReference "SnapKit" */;
			productName = SnapKit;
		};
/* End XCSwiftPackageProductDependency section */
	};
	rootObject = 76EA7BBE27C0CCA9004A56C1 /* Project object */;
}
