{
  "object": {
    "pins": [
      {
        "package": "Alamofire",
        "repositoryURL": "https://github.com/Alamofire/Alamofire.git",
        "state": {
          "branch": "master",
          "revision": "6eeff3c57e02f07c8494433aed8bf90532010089",
          "version": null
        }
      },
      {
        "package": "ProgressHUD",
        "repositoryURL": "https://github.com/relatedcode/ProgressHUD.git",
        "state": {
          "branch": "master",
          "revision": "b88ca85d471894464c1f4dc989f142c97b2b8958",
          "version": null
        }
      },
      {
        "package": "SnapKit",
        "repositoryURL": "https://github.com/SnapKit/SnapKit",
        "state": {
          "branch": "develop",
          "revision": "466db39ee4ef32b0f7c8cd9f009aaf42f80beace",
          "version": null
        }
      },
      {
        "package": "Starscream",
        "repositoryURL": "https://github.com/daltoniam/Starscream.git",
        "state": {
          "branch": "master",
          "revision": "c68359159dcf0b5de9b536b9a959e9e435e968d3",
          "version": null
        }
      },
      {
        "package": "SwiftSoup",
        "repositoryURL": "https://github.com/scinfu/SwiftSoup",
        "state": {
          "branch": null,
          "revision": "13ba661fd1146967270fca92ce8195b223631436",
          "version": "2.3.8"
        }
      },
      {
        "package": "Toast",
        "repositoryURL": "https://github.com/scalessec/Toast-Swift.git",
        "state": {
          "branch": null,
          "revision": "0c9493eeacb102cc614da385cfaaf475379f4ab4",
          "version": "5.0.1"
        }
      }
    ]
  },
  "version": 1
}
