{
  "object": {
    "pins": [
      {
<<<<<<< HEAD
<<<<<<< HEAD
=======
=======
>>>>>>> cbb1afcf57cce2c461fff4d763a4c2f7447d5c5a
        "package": "Alamofire",
        "repositoryURL": "https://github.com/Alamofire/Alamofire.git",
        "state": {
          "branch": "master",
<<<<<<< HEAD
          "revision": "4e1103600bef06bd26e42564063e8fe8c25ef3d2",
=======
          "revision": "6eeff3c57e02f07c8494433aed8bf90532010089",
>>>>>>> cbb1afcf57cce2c461fff4d763a4c2f7447d5c5a
          "version": null
        }
      },
      {
<<<<<<< HEAD
=======
        "package": "IQKeyboardManagerSwift",
        "repositoryURL": "https://github.com/hackiftekhar/IQKeyboardManager.git",
        "state": {
          "branch": null,
          "revision": "474f849accae40fe61b5302d9b057dd48ee073ba",
          "version": "6.5.9"
        }
      },
      {
>>>>>>> cbb1afcf57cce2c461fff4d763a4c2f7447d5c5a
        "package": "ProgressHUD",
        "repositoryURL": "https://github.com/relatedcode/ProgressHUD.git",
        "state": {
          "branch": "master",
<<<<<<< HEAD
          "revision": "22c3f83268b4c47b4623fe3a9701af7310fa8d8a",
=======
          "revision": "b88ca85d471894464c1f4dc989f142c97b2b8958",
>>>>>>> cbb1afcf57cce2c461fff4d763a4c2f7447d5c5a
          "version": null
        }
      },
      {
<<<<<<< HEAD
>>>>>>> 551e964201d62e1fd393424ff727de0433aa9ee9
=======
>>>>>>> cbb1afcf57cce2c461fff4d763a4c2f7447d5c5a
        "package": "SnapKit",
        "repositoryURL": "https://github.com/SnapKit/SnapKit",
        "state": {
          "branch": "develop",
          "revision": "466db39ee4ef32b0f7c8cd9f009aaf42f80beace",
          "version": null
        }
      },
      {
<<<<<<< HEAD
<<<<<<< HEAD
=======
        "package": "Starscream",
        "repositoryURL": "https://github.com/daltoniam/Starscream.git",
        "state": {
          "branch": "master",
          "revision": "c68359159dcf0b5de9b536b9a959e9e435e968d3",
          "version": null
        }
      },
      {
        "package": "SwiftSoup",
        "repositoryURL": "https://github.com/scinfu/SwiftSoup",
        "state": {
          "branch": null,
          "revision": "13ba661fd1146967270fca92ce8195b223631436",
          "version": "2.3.8"
        }
      },
      {
>>>>>>> cbb1afcf57cce2c461fff4d763a4c2f7447d5c5a
        "package": "Toast",
        "repositoryURL": "https://github.com/scalessec/Toast-Swift.git",
        "state": {
          "branch": null,
          "revision": "0c9493eeacb102cc614da385cfaaf475379f4ab4",
          "version": "5.0.1"
=======
        "package": "Starscream",
        "repositoryURL": "https://github.com/daltoniam/Starscream.git",
        "state": {
          "branch": null,
          "revision": "df8d82047f6654d8e4b655d1b1525c64e1059d21",
          "version": "4.0.4"
>>>>>>> 551e964201d62e1fd393424ff727de0433aa9ee9
        }
      }
    ]
  },
  "version": 1
}
